dependencies:
  '@aws-cdk/aws-lambda-nodejs': 1.101.0
  '@aws-cdk/core': 1.101.0
  source-map-support: 0.5.19
devDependencies:
  '@aws-cdk/assert': 1.101.0
  '@types/node': 14.14.22
  aws-cdk: 1.101.0
  cdk-ssm-document: link:..
  esbuild: 0.12.8
  ts-node: 9.1.1_typescript@4.1.6
  typescript: 4.1.6
lockfileVersion: 5.2
packages:
  /@aws-cdk/assert/1.101.0:
    dependencies:
      '@aws-cdk/cloudformation-diff': 1.101.0
      '@aws-cdk/core': 1.101.0
      '@aws-cdk/cx-api': 1.101.0
      constructs: 3.3.77
    dev: true
    engines:
      node: '>= 10.13.0 <13 || >=13.7.0'
    peerDependencies:
      jest: ^26.6.3
    resolution:
      integrity: sha512-nwWlQBVOhFPuNHlqZaWmyc9DC7goKULl7vfcGvIAiOxRiLfxkJ2/uBY2DR2crLDcLwk3YMO4dNENvw9CjjzMAg==
  /@aws-cdk/assets/1.101.0:
    dependencies:
      '@aws-cdk/core': 1.101.0
      '@aws-cdk/cx-api': 1.101.0
      constructs: 3.3.77
    dev: false
    engines:
      node: '>= 10.13.0 <13 || >=13.7.0'
    resolution:
      integrity: sha512-QDeflWlw1I8ZaUz+gcIfrUceyokiQj+epi+pP8rha7ZoUiM996Vm09nsvIk16GMIQlW+R02aR0E7SFBQIYOa9Q==
  /@aws-cdk/aws-applicationautoscaling/1.101.0:
    dependencies:
      '@aws-cdk/aws-autoscaling-common': 1.101.0
      '@aws-cdk/aws-cloudwatch': 1.101.0
      '@aws-cdk/aws-iam': 1.101.0
      '@aws-cdk/core': 1.101.0
      constructs: 3.3.77
    dev: false
    engines:
      node: '>= 10.13.0 <13 || >=13.7.0'
    resolution:
      integrity: sha512-1bZt/3V/DierxID5WZZ5EVwSquozZAZesNdz0XxAw9NI5uaf3J2xohCHd8zo9rbA/JpeRj+gjQGlk4/3kC/lwg==
  /@aws-cdk/aws-autoscaling-common/1.101.0:
    dependencies:
      '@aws-cdk/aws-iam': 1.101.0
      '@aws-cdk/core': 1.101.0
      constructs: 3.3.77
    dev: false
    engines:
      node: '>= 10.13.0 <13 || >=13.7.0'
    resolution:
      integrity: sha512-ynG/Ff3nZpzJJ1eTV99Wu85TxqSragXCGMAZ4cLl+YXxzvDsqMXNCG6grukTaIoOIMh4ziQ6ia1uVUMqTtCh9Q==
  /@aws-cdk/aws-cloudwatch/1.101.0:
    dependencies:
      '@aws-cdk/aws-iam': 1.101.0
      '@aws-cdk/core': 1.101.0
      constructs: 3.3.77
    dev: false
    engines:
      node: '>= 10.13.0 <13 || >=13.7.0'
    resolution:
      integrity: sha512-WPhZfIbA1TrWtpmrePiiIRQ03FlbyEoSZS9l51AFqcVfnWtzWNf61R4pbg/rTpeuu1Zhez4IycUykEM6RhFsAQ==
  /@aws-cdk/aws-codeguruprofiler/1.101.0:
    dependencies:
      '@aws-cdk/aws-iam': 1.101.0
      '@aws-cdk/core': 1.101.0
      constructs: 3.3.77
    dev: false
    engines:
      node: '>= 10.13.0 <13 || >=13.7.0'
    resolution:
      integrity: sha512-IECX7lUC16efa9PEvlVjiGwk8M99Q6IT3NXHgp7htXXAv07dE8pjsLDcok3j0wY21dDqgamqqjboP0mXQuCqiw==
  /@aws-cdk/aws-ec2/1.101.0:
    dependencies:
      '@aws-cdk/aws-cloudwatch': 1.101.0
      '@aws-cdk/aws-iam': 1.101.0
      '@aws-cdk/aws-kms': 1.101.0
      '@aws-cdk/aws-logs': 1.101.0
      '@aws-cdk/aws-s3': 1.101.0
      '@aws-cdk/aws-s3-assets': 1.101.0
      '@aws-cdk/aws-ssm': 1.101.0
      '@aws-cdk/cloud-assembly-schema': 1.101.0
      '@aws-cdk/core': 1.101.0
      '@aws-cdk/cx-api': 1.101.0
      '@aws-cdk/region-info': 1.101.0
      constructs: 3.3.77
    dev: false
    engines:
      node: '>= 10.13.0 <13 || >=13.7.0'
    resolution:
      integrity: sha512-Cq+Re8xU9TZQTMNZKGF4pEky6IujgjirfEH0bF1+j/YnvQ06Q/rYhLnRnq1PErj1omrReh4RKKKnQoa2cp4L6w==
  /@aws-cdk/aws-ecr-assets/1.101.0:
    bundledDependencies:
      - minimatch
    dependencies:
      '@aws-cdk/assets': 1.101.0
      '@aws-cdk/aws-ecr': 1.101.0
      '@aws-cdk/aws-iam': 1.101.0
      '@aws-cdk/aws-s3': 1.101.0
      '@aws-cdk/core': 1.101.0
      '@aws-cdk/cx-api': 1.101.0
      constructs: 3.3.77
      minimatch: 3.0.4
    dev: false
    engines:
      node: '>= 10.13.0 <13 || >=13.7.0'
    resolution:
      integrity: sha512-MwdJK4qjn/pZJX9utjJNg5/8zFss7jwQwmTeBHHv5JEETA3V3C4UkjLEiAEbA7cLB3fX8rFU5kGO7wJOQ02ohw==
  /@aws-cdk/aws-ecr/1.101.0:
    dependencies:
      '@aws-cdk/aws-events': 1.101.0
      '@aws-cdk/aws-iam': 1.101.0
      '@aws-cdk/core': 1.101.0
      constructs: 3.3.77
    dev: false
    engines:
      node: '>= 10.13.0 <13 || >=13.7.0'
    resolution:
      integrity: sha512-K0UhY7c9eEMnMpbjZ7QnAGk5urrL1/DLSJ0R8FbkX+RONfUe9Dxt8n3dDlQiwow4MXi84m82b6FcJz83Hcuu9w==
  /@aws-cdk/aws-efs/1.101.0:
    dependencies:
      '@aws-cdk/aws-ec2': 1.101.0
      '@aws-cdk/aws-kms': 1.101.0
      '@aws-cdk/cloud-assembly-schema': 1.101.0
      '@aws-cdk/core': 1.101.0
      '@aws-cdk/cx-api': 1.101.0
      constructs: 3.3.77
    dev: false
    engines:
      node: '>= 10.13.0 <13 || >=13.7.0'
    resolution:
      integrity: sha512-S3+EJT9l6CF+UwHoXz+XnMC/EeQqbeXeSbSNoU4Qu2tueXmHXmMsGv3YAhNU1IhvrnIFTE0YbhG7y3AlR+MncA==
  /@aws-cdk/aws-events/1.101.0:
    dependencies:
      '@aws-cdk/aws-iam': 1.101.0
      '@aws-cdk/core': 1.101.0
      constructs: 3.3.77
    dev: false
    engines:
      node: '>= 10.13.0 <13 || >=13.7.0'
    resolution:
      integrity: sha512-igFXiL4TdOUYEo79WSmyT4Z0ALBMtZF1SQ692UvFwm0ocYzIwUt2FkCt4QLOsdwW28VhokR5VG8soV4c1j+OmQ==
  /@aws-cdk/aws-iam/1.101.0:
    dependencies:
      '@aws-cdk/core': 1.101.0
      '@aws-cdk/region-info': 1.101.0
      constructs: 3.3.77
    dev: false
    engines:
      node: '>= 10.13.0 <13 || >=13.7.0'
    resolution:
      integrity: sha512-jQ2cDLGe44zOkZNW2q3SNd/rMsAurceLokQgiQCks1aC/dlZIhOep8LOqe6kLXb2IZ04d7682fYFTfeUKlGeUQ==
  /@aws-cdk/aws-kms/1.101.0:
    dependencies:
      '@aws-cdk/aws-iam': 1.101.0
      '@aws-cdk/core': 1.101.0
      '@aws-cdk/cx-api': 1.101.0
      constructs: 3.3.77
    dev: false
    engines:
      node: '>= 10.13.0 <13 || >=13.7.0'
    resolution:
      integrity: sha512-gU3/6nIRDKpZ9AmCl7J1qaGUtueuj/J7aAsXL04t2p39A5GnkLhkdQT4iaa2q8s06ZfTIJJerBsMks7t9lZDlQ==
  /@aws-cdk/aws-lambda-nodejs/1.101.0:
    dependencies:
      '@aws-cdk/aws-lambda': 1.101.0
      '@aws-cdk/core': 1.101.0
      constructs: 3.3.77
    dev: false
    engines:
      node: '>= 10.13.0 <13 || >=13.7.0'
    resolution:
      integrity: sha512-pK51R6/0Mc6v5u783Jlj66n3hStRO2MNd5qToTb5J3UDhCJvFioLqhT0mWMjNzaAY/YTv16UiPGaUslhj4GQ/g==
  /@aws-cdk/aws-lambda/1.101.0:
    dependencies:
      '@aws-cdk/aws-applicationautoscaling': 1.101.0
      '@aws-cdk/aws-cloudwatch': 1.101.0
      '@aws-cdk/aws-codeguruprofiler': 1.101.0
      '@aws-cdk/aws-ec2': 1.101.0
      '@aws-cdk/aws-ecr': 1.101.0
      '@aws-cdk/aws-ecr-assets': 1.101.0
      '@aws-cdk/aws-efs': 1.101.0
      '@aws-cdk/aws-events': 1.101.0
      '@aws-cdk/aws-iam': 1.101.0
      '@aws-cdk/aws-kms': 1.101.0
      '@aws-cdk/aws-logs': 1.101.0
      '@aws-cdk/aws-s3': 1.101.0
      '@aws-cdk/aws-s3-assets': 1.101.0
      '@aws-cdk/aws-signer': 1.101.0
      '@aws-cdk/aws-sqs': 1.101.0
      '@aws-cdk/core': 1.101.0
      '@aws-cdk/cx-api': 1.101.0
      constructs: 3.3.77
    dev: false
    engines:
      node: '>= 10.13.0 <13 || >=13.7.0'
    resolution:
      integrity: sha512-Yxy0RP0kmcSv6ZqUVzATnmyDPyylL074BYmL+UD1JzATvofL+s1KepB6+lO5CKQ7NHXwlmsbj4cEot+XnHoxbw==
  /@aws-cdk/aws-logs/1.101.0:
    dependencies:
      '@aws-cdk/aws-cloudwatch': 1.101.0
      '@aws-cdk/aws-iam': 1.101.0
      '@aws-cdk/aws-kms': 1.101.0
      '@aws-cdk/aws-s3-assets': 1.101.0
      '@aws-cdk/core': 1.101.0
      constructs: 3.3.77
    dev: false
    engines:
      node: '>= 10.13.0 <13 || >=13.7.0'
    resolution:
      integrity: sha512-3sfIjyQgC8WTcRX7vvmnnzOBCa0XBGHGzITUxD/P1JL5Mv9Iiv1IxoF2sqM770azYPthBKperorm0c0Sgs7BUQ==
  /@aws-cdk/aws-s3-assets/1.101.0:
    dependencies:
      '@aws-cdk/assets': 1.101.0
      '@aws-cdk/aws-iam': 1.101.0
      '@aws-cdk/aws-kms': 1.101.0
      '@aws-cdk/aws-s3': 1.101.0
      '@aws-cdk/core': 1.101.0
      '@aws-cdk/cx-api': 1.101.0
      constructs: 3.3.77
    dev: false
    engines:
      node: '>= 10.13.0 <13 || >=13.7.0'
    resolution:
      integrity: sha512-Xj0OT8omk0SprCqRQfGJTxl10IuO0E28l73taG4K3kP35FzYtkLa+01RLVloQZL7DLwoHVxfwCf5m2ealqCA8Q==
  /@aws-cdk/aws-s3/1.101.0:
    dependencies:
      '@aws-cdk/aws-events': 1.101.0
      '@aws-cdk/aws-iam': 1.101.0
      '@aws-cdk/aws-kms': 1.101.0
      '@aws-cdk/core': 1.101.0
      '@aws-cdk/cx-api': 1.101.0
      constructs: 3.3.77
    dev: false
    engines:
      node: '>= 10.13.0 <13 || >=13.7.0'
    resolution:
      integrity: sha512-SFAVEDPiuZGijliePljlaLrVgQWfZrMdmEj421AlkOTgheepgcN76qAxVwM0BX1l1y5q2A8tHjTRHdG71xCYvQ==
  /@aws-cdk/aws-signer/1.101.0:
    dependencies:
      '@aws-cdk/core': 1.101.0
      constructs: 3.3.77
    dev: false
    engines:
      node: '>= 10.13.0 <13 || >=13.7.0'
    resolution:
      integrity: sha512-P7Oqbugk97pWpGUHAHiWRvdkI1IY8C/IY0wnruiHOF1z05bJB29Z9Pb9ptdqwIgp71/FuEvVzscSjGuuI6fgZQ==
  /@aws-cdk/aws-sqs/1.101.0:
    dependencies:
      '@aws-cdk/aws-cloudwatch': 1.101.0
      '@aws-cdk/aws-iam': 1.101.0
      '@aws-cdk/aws-kms': 1.101.0
      '@aws-cdk/core': 1.101.0
      constructs: 3.3.77
    dev: false
    engines:
      node: '>= 10.13.0 <13 || >=13.7.0'
    resolution:
      integrity: sha512-jO1u1pqJEewauOzqraSgeaTc3MFcz+AdHds3eXKDDkulCyVcugjPx1uQ4Chb7rB602D+nw6SqMTPrWXC/9+M9A==
  /@aws-cdk/aws-ssm/1.101.0:
    dependencies:
      '@aws-cdk/aws-iam': 1.101.0
      '@aws-cdk/aws-kms': 1.101.0
      '@aws-cdk/cloud-assembly-schema': 1.101.0
      '@aws-cdk/core': 1.101.0
      constructs: 3.3.77
    dev: false
    engines:
      node: '>= 10.13.0 <13 || >=13.7.0'
    resolution:
      integrity: sha512-383502N9/UHa/jJpbtIIIbI29thDkK835wSZjP2WTMEGhVCuewxUTMZ0NMsQbvzYxc8eJ/mGfYObdhqsStxsVQ==
  /@aws-cdk/cfnspec/1.101.0:
    dependencies:
      md5: 2.3.0
    dev: true
    resolution:
      integrity: sha512-0pmkJIIJsbTnB6fKpnqxvvAHb5zhhT9QDLmqZ2PiPUfLAUPPZb7QPBgU+Y9M3Dt/twK3ndvFIYrfzVogbKx+xw==
  /@aws-cdk/cloud-assembly-schema/1.101.0:
    bundledDependencies:
      - jsonschema
      - semver
    dependencies:
      jsonschema: 1.4.0
      semver: 7.3.5
    engines:
      node: '>= 10.13.0 <13 || >=13.7.0'
    resolution:
      integrity: sha512-oJWLiHM5uDEkgfjvbeMLT8Y6ZDNB0K2TCxqd/amnzzWtUuPccCAQlSw+gQTUmkha8DYxENGIiJus0gtp+Y4mrg==
  /@aws-cdk/cloudformation-diff/1.101.0:
    dependencies:
      '@aws-cdk/cfnspec': 1.101.0
      colors: 1.4.0
      diff: 5.0.0
      fast-deep-equal: 3.1.3
      string-width: 4.2.2
      table: 6.7.1
    dev: true
    engines:
      node: '>= 10.13.0 <13 || >=13.7.0'
    resolution:
      integrity: sha512-anZFilvJnlmYi0gqwzKq0SQKcJChphoyxpn3RjHvUr7ywG/2J6Ff6ZsAL4QBK9CyLYzm9RjtQxG7VjrdpFTKHg==
  /@aws-cdk/core/1.101.0:
    bundledDependencies:
      - fs-extra
      - minimatch
      - '@balena/dockerignore'
      - ignore
    dependencies:
      '@aws-cdk/cloud-assembly-schema': 1.101.0
      '@aws-cdk/cx-api': 1.101.0
      '@aws-cdk/region-info': 1.101.0
      '@balena/dockerignore': 1.0.2
      constructs: 3.3.77
      fs-extra: 9.1.0
      ignore: 5.1.8
      minimatch: 3.0.4
    engines:
      node: '>= 10.13.0 <13 || >=13.7.0'
    resolution:
      integrity: sha512-Zx/Nr8c2t238uXqX7LZvA+0Rk0cH+cn7+hLKZmJe7fGcDzW5+iPgWI9HEWmILlzLim3VEkNsHhklxiNXIU948w==
  /@aws-cdk/cx-api/1.101.0:
    bundledDependencies:
      - semver
    dependencies:
      '@aws-cdk/cloud-assembly-schema': 1.101.0
      semver: 7.3.5
    engines:
      node: '>= 10.13.0 <13 || >=13.7.0'
    resolution:
      integrity: sha512-NyEfN1N/oTwel6Y0A9fmZFY47PPtr1hJteksXc3W42pfkSFloNa+tXNX23/Cu5XAhO6+MgmPUpqHgiJF2M8Nlg==
  /@aws-cdk/region-info/1.101.0:
    engines:
      node: '>= 10.13.0 <13 || >=13.7.0'
    resolution:
      integrity: sha512-7FpuwCSkEGSr9KbfAgBa0BQc6E3HXuOI4Kc68gQwF5x2z6j0Z7zr4e+SIbYazX7TfKXNCmp8jWHsc6Q63fo6Cg==
  /@balena/dockerignore/1.0.2:
    resolution:
      integrity: sha512-wMue2Sy4GAVTk6Ic4tJVcnfdau+gx2EnG7S+uAEe+TWJFqE4YoWN4/H8MSLj4eYJKxGg26lZwboEniNiNwZQ6Q==
  /@tootallnate/once/1.1.2:
    dev: true
    engines:
      node: '>= 6'
    resolution:
      integrity: sha512-RbzJvlNzmRq5c3O09UipeuXno4tA1FE6ikOjxZK0tuxVv3412l64l5t1W5pj4+rJq9vpkm/kwiR07aZXnsKPxw==
  /@types/node/14.14.22:
    dev: true
    resolution:
      integrity: sha512-g+f/qj/cNcqKkc3tFqlXOYjrmZA+jNBiDzbP3kH+B+otKFqAdPgVTGP1IeKRdMml/aE69as5S4FqtxAbl+LaMw==
  /agent-base/6.0.2:
    dependencies:
      debug: 4.3.1
    dev: true
    engines:
      node: '>= 6.0.0'
    resolution:
      integrity: sha512-RZNwNclF7+MS/8bDg70amg32dyeZGZxiDuQmZxKLAlQjr3jGyLx+4Kkk58UO7D2QdgFIQCovuSuZESne6RG6XQ==
  /ajv/8.6.0:
    dependencies:
      fast-deep-equal: 3.1.3
      json-schema-traverse: 1.0.0
      require-from-string: 2.0.2
      uri-js: 4.4.1
    dev: true
    resolution:
      integrity: sha512-cnUG4NSBiM4YFBxgZIj/In3/6KX+rQ2l2YPRVcvAMQGWEPKuXoPIhxzwqh31jA3IPbI4qEOp/5ILI4ynioXsGQ==
  /ansi-regex/5.0.0:
    dev: true
    engines:
      node: '>=8'
    resolution:
      integrity: sha512-bY6fj56OUQ0hU1KjFNDQuJFezqKdrAyFdIevADiqrWHwSlbmBNMHp5ak2f40Pm8JTFyM2mqxkG6ngkHO11f/lg==
  /ansi-styles/4.3.0:
    dependencies:
      color-convert: 2.0.1
    dev: true
    engines:
      node: '>=8'
    resolution:
      integrity: sha512-zbB9rCJAT1rbjiVDb2hqKFHNYLxgtk8NURxZ3IZwD3F6NtxbXZQCnnSi1Lkx+IDohdPlFp222wVALIheZJQSEg==
  /archiver-utils/2.1.0:
    dependencies:
      glob: 7.1.7
      graceful-fs: 4.2.6
      lazystream: 1.0.0
      lodash.defaults: 4.2.0
      lodash.difference: 4.5.0
      lodash.flatten: 4.4.0
      lodash.isplainobject: 4.0.6
      lodash.union: 4.6.0
      normalize-path: 3.0.0
      readable-stream: 2.3.7
    dev: true
    engines:
      node: '>= 6'
    resolution:
      integrity: sha512-bEL/yUb/fNNiNTuUz979Z0Yg5L+LzLxGJz8x79lYmR54fmTIb6ob/hNQgkQnIUDWIFjZVQwl9Xs356I6BAMHfw==
  /archiver/5.3.0:
    dependencies:
      archiver-utils: 2.1.0
      async: 3.2.0
      buffer-crc32: 0.2.13
      readable-stream: 3.6.0
      readdir-glob: 1.1.1
      tar-stream: 2.2.0
      zip-stream: 4.1.0
    dev: true
    engines:
      node: '>= 10'
    resolution:
      integrity: sha512-iUw+oDwK0fgNpvveEsdQ0Ase6IIKztBJU2U0E9MzszMfmVVUyv1QJhS2ITW9ZCqx8dktAxVAjWWkKehuZE8OPg==
  /arg/4.1.3:
    dev: true
    resolution:
      integrity: sha512-58S9QDqG0Xx27YwPSt9fJxivjYl432YCwfDMfZ+71RAqUrZef7LrKQZ3LHLOwCS4FLNBplP533Zx895SeOCHvA==
  /ast-types/0.13.4:
    dependencies:
      tslib: 2.2.0
    dev: true
    engines:
      node: '>=4'
    resolution:
      integrity: sha512-x1FCFnFifvYDDzTaLII71vG5uvDwgtmDTEVWAxrgeiR8VjMONcCXJx7E+USjDtHlwFmt9MysbqgF9b9Vjr6w+w==
  /astral-regex/2.0.0:
    dev: true
    engines:
      node: '>=8'
    resolution:
      integrity: sha512-Z7tMw1ytTXt5jqMcOP+OQteU1VuNK9Y02uuJtKQ1Sv69jXQKKg5cibLwGJow8yzZP+eAc18EmLGPal0bp36rvQ==
  /async/3.2.0:
    dev: true
    resolution:
      integrity: sha512-TR2mEZFVOj2pLStYxLht7TyfuRzaydfpxr3k9RpHIzMgw7A64dzsdqCxH1WJyQdoe8T10nDXd9wnEigmiuHIZw==
  /at-least-node/1.0.0:
    engines:
      node: '>= 4.0.0'
    resolution:
      integrity: sha512-+q/t7Ekv1EDY2l6Gda6LLiX14rU9TV20Wa3ofeQmwPFZbOMo9DXrLbOjFaaclkXKWidIaopwAObQDqwWtGUjqg==
  /aws-cdk/1.101.0:
    dependencies:
      '@aws-cdk/cloud-assembly-schema': 1.101.0
      '@aws-cdk/cloudformation-diff': 1.101.0
      '@aws-cdk/cx-api': 1.101.0
      '@aws-cdk/region-info': 1.101.0
      archiver: 5.3.0
      aws-sdk: 2.926.0
      camelcase: 6.2.0
      cdk-assets: 1.101.0
      colors: 1.4.0
      decamelize: 5.0.0
      fs-extra: 9.1.0
      glob: 7.1.7
      json-diff: 0.5.4
      minimatch: 3.0.4
      promptly: 3.2.0
      proxy-agent: 4.0.1
      semver: 7.3.5
      source-map-support: 0.5.19
      table: 6.7.1
      uuid: 8.3.2
      wrap-ansi: 7.0.0
      yaml: 1.10.2
      yargs: 16.2.0
    dev: true
    engines:
      node: '>= 10.13.0 <13 || >=13.7.0'
    hasBin: true
    resolution:
      integrity: sha512-Tv0IQmTUlTIl9teO4gllPCzXRJK+1wGPtRhlpkwWfvs9iR0P/ppuxPD4Gs9WXqu3Tnc82G0ND4ez9V20RsmGEA==
  /aws-sdk/2.926.0:
    dependencies:
      buffer: 4.9.2
      events: 1.1.1
      ieee754: 1.1.13
      jmespath: 0.15.0
      querystring: 0.2.0
      sax: 1.2.1
      url: 0.10.3
      uuid: 3.3.2
      xml2js: 0.4.19
    dev: true
    engines:
      node: '>= 0.8.0'
    requiresBuild: true
    resolution:
      integrity: sha512-GFdAznnwxBxRPUTLP8gyFG8GhbUQ0sWwNCocYHkS/FB18hr8gmB3xv2m7VVWA/YkPDXvviPnoB680Z47VSEkqA==
  /balanced-match/1.0.2:
    resolution:
      integrity: sha512-3oSeUO0TMV67hN1AmbXsK4yaqU7tjiHlbxRDZOpH0KW9+CeX4bRAaX0Anxt0tx2MrpRpWwQaPwIlISEJhYU5Pw==
  /base64-js/1.5.1:
    dev: true
    resolution:
      integrity: sha512-AKpaYlHn8t4SVbOHCy+b5+KKgvR4vrsD8vbvrbiQJps7fKDTkjkDry6ji0rUJjC0kzbNePLwzxq8iypo41qeWA==
  /bl/4.1.0:
    dependencies:
      buffer: 5.7.1
      inherits: 2.0.4
      readable-stream: 3.6.0
    dev: true
    resolution:
      integrity: sha512-1W07cM9gS6DcLperZfFSj+bWLtaPGSOHWhPiGzXmvVJbRLdG82sH/Kn8EtW1VqWVA54AKf2h5k5BbnIbwF3h6w==
  /brace-expansion/1.1.11:
    dependencies:
      balanced-match: 1.0.2
      concat-map: 0.0.1
    resolution:
      integrity: sha512-iCuPHDFgrHX7H2vEI/5xpz07zSHB00TpugqhmYtVmMO6518mCuRMoOYFldEBl0g187ufozdaHgWKcYFb61qGiA==
  /buffer-crc32/0.2.13:
    dev: true
    resolution:
      integrity: sha1-DTM+PwDqxQqhRUq9MO+MKl2ackI=
  /buffer-from/1.1.1:
    resolution:
      integrity: sha512-MQcXEUbCKtEo7bhqEs6560Hyd4XaovZlO/k9V3hjVUF/zwW7KBVdSK4gIt/bzwS9MbR5qob+F5jusZsb0YQK2A==
  /buffer/4.9.2:
    dependencies:
      base64-js: 1.5.1
      ieee754: 1.1.13
      isarray: 1.0.0
    dev: true
    resolution:
      integrity: sha512-xq+q3SRMOxGivLhBNaUdC64hDTQwejJ+H0T/NB1XMtTVEwNTrfFF3gAxiyW0Bu/xWEGhjVKgUcMhCrUy2+uCWg==
  /buffer/5.7.1:
    dependencies:
      base64-js: 1.5.1
      ieee754: 1.2.1
    dev: true
    resolution:
      integrity: sha512-EHcyIPBQ4BSGlvjB16k5KgAJ27CIsHY/2JBmCRReo48y9rQ3MaUzWX3KVlBa4U7MyX02HdVj0K7C3WaB3ju7FQ==
  /bytes/3.1.0:
    dev: true
    engines:
      node: '>= 0.8'
    resolution:
      integrity: sha512-zauLjrfCG+xvoyaqLoV8bLVXXNGC4JqlxFCutSDWA6fJrTo2ZuvLYTqZ7aHBLZSMOopbzwv8f+wZcVzfVTI2Dg==
  /camelcase/6.2.0:
    dev: true
    engines:
      node: '>=10'
    resolution:
      integrity: sha512-c7wVvbw3f37nuobQNtgsgG9POC9qMbNuMQmTCqZv23b6MIz0fcYpBiOlv9gEN/hdLdnZTDQhg6e9Dq5M1vKvfg==
  /cdk-assets/1.101.0:
    dependencies:
      '@aws-cdk/cloud-assembly-schema': 1.101.0
      '@aws-cdk/cx-api': 1.101.0
      archiver: 5.3.0
      aws-sdk: 2.926.0
      glob: 7.1.7
      yargs: 16.2.0
    dev: true
    engines:
      node: '>= 10.13.0 <13 || >=13.7.0'
    hasBin: true
    resolution:
      integrity: sha512-/tLXSDDZx9ZUZEzj62DG2YTVsT5ZDdMjDnd0dFBdxhOkKBW6OaJ02/erzJ/CajAz/ti3+DQoli15QblYFUz/Mw==
  /charenc/0.0.2:
    dev: true
    resolution:
      integrity: sha1-wKHS86cJLgN3S/qD8UwPxXkKhmc=
  /cli-color/0.1.7:
    dependencies:
      es5-ext: 0.8.2
    dev: true
    engines:
      node: '>=0.1.103'
    resolution:
      integrity: sha1-rcMgD6RxzCEbDaf1ZrcemLnWc0c=
  /cliui/7.0.4:
    dependencies:
      string-width: 4.2.2
      strip-ansi: 6.0.0
      wrap-ansi: 7.0.0
    dev: true
    resolution:
      integrity: sha512-OcRE68cOsVMXp1Yvonl/fzkQOyjLSu/8bhPDfQt0e0/Eb283TKP20Fs2MqoPsr9SwA595rRCA+QMzYc9nBP+JQ==
  /color-convert/2.0.1:
    dependencies:
      color-name: 1.1.4
    dev: true
    engines:
      node: '>=7.0.0'
    resolution:
      integrity: sha512-RRECPsj7iu/xb5oKYcsFHSppFNnsj/52OVTRKb4zP5onXwVF3zVmmToNcOfGC+CRDpfK/U584fMg38ZHCaElKQ==
  /color-name/1.1.4:
    dev: true
    resolution:
      integrity: sha512-dOy+3AuW3a2wNbZHIuMZpTcgjGuLU/uBL/ubcZF9OXbDo8ff4O8yVp5Bf0efS8uEoYo5q4Fx7dY9OgQGXgAsQA==
  /colors/1.4.0:
    dev: true
    engines:
      node: '>=0.1.90'
    resolution:
      integrity: sha512-a+UqTh4kgZg/SlGvfbzDHpgRu7AAQOmmqRHJnxhRZICKFUT91brVhNNt58CMWU9PsBbv3PDCZUHbVxuDiH2mtA==
  /compress-commons/4.1.1:
    dependencies:
      buffer-crc32: 0.2.13
      crc32-stream: 4.0.2
      normalize-path: 3.0.0
      readable-stream: 3.6.0
    dev: true
    engines:
      node: '>= 10'
    resolution:
      integrity: sha512-QLdDLCKNV2dtoTorqgxngQCMA+gWXkM/Nwu7FpeBhk/RdkzimqC3jueb/FDmaZeXh+uby1jkBqE3xArsLBE5wQ==
  /concat-map/0.0.1:
    resolution:
      integrity: sha1-2Klr13/Wjfd5OnMDajug1UBdR3s=
  /constructs/3.3.77:
    bundledDependencies: []
    engines:
      node: '>= 10.17.0'
    resolution:
      integrity: sha512-A9xWepIkiED0baaEWxokUvRnPrxcAwoCsyIPDAJ3VqQ90juiIHQ0gkW9GX0nG6c+Go5l1dL5FZIFZBeayx+xIg==
  /core-util-is/1.0.2:
    dev: true
    resolution:
      integrity: sha1-tf1UIgqivFq1eqtxQMlAdUUDwac=
  /crc-32/1.2.0:
    dependencies:
      exit-on-epipe: 1.0.1
      printj: 1.1.2
    dev: true
    engines:
      node: '>=0.8'
    hasBin: true
    resolution:
      integrity: sha512-1uBwHxF+Y/4yF5G48fwnKq6QsIXheor3ZLPT80yGBV1oEUwpPojlEhQbWKVw1VwcTQyMGHK1/XMmTjmlsmTTGA==
  /crc32-stream/4.0.2:
    dependencies:
      crc-32: 1.2.0
      readable-stream: 3.6.0
    dev: true
    engines:
      node: '>= 10'
    resolution:
      integrity: sha512-DxFZ/Hk473b/muq1VJ///PMNLj0ZMnzye9thBpmjpJKCc5eMgB95aK8zCGrGfQ90cWo561Te6HK9D+j4KPdM6w==
  /create-require/1.1.1:
    dev: true
    resolution:
      integrity: sha512-dcKFX3jn0MpIaXjisoRvexIJVEKzaq7z2rZKxf+MSr9TkdmHmsU4m2lcLojrj/FHl8mk5VxMmYA+ftRkP/3oKQ==
  /crypt/0.0.2:
    dev: true
    resolution:
      integrity: sha1-iNf/fsDfuG9xPch7u0LQRNPmxBs=
  /data-uri-to-buffer/3.0.1:
    dev: true
    engines:
      node: '>= 6'
    resolution:
      integrity: sha512-WboRycPNsVw3B3TL559F7kuBUM4d8CgMEvk6xEJlOp7OBPjt6G7z8WMWlD2rOFZLk6OYfFIUGsCOWzcQH9K2og==
  /debug/4.3.1:
    dependencies:
      ms: 2.1.2
    dev: true
    engines:
      node: '>=6.0'
    peerDependencies:
      supports-color: '*'
    peerDependenciesMeta:
      supports-color:
        optional: true
    resolution:
      integrity: sha512-doEwdvm4PCeK4K3RQN2ZC2BYUBaxwLARCqZmMjtF8a51J2Rb0xpVloFRnCODwqjpwnAoao4pelN8l3RJdv3gRQ==
  /decamelize/5.0.0:
    dev: true
    engines:
      node: '>=10'
    resolution:
      integrity: sha512-U75DcT5hrio3KNtvdULAWnLiAPbFUC4191ldxMmj4FA/mRuBnmDwU0boNfPyFRhnan+Jm+haLeSn3P0afcBn4w==
  /deep-is/0.1.3:
    dev: true
    resolution:
      integrity: sha1-s2nW+128E+7PUk+RsHD+7cNXzzQ=
  /degenerator/2.2.0:
    dependencies:
      ast-types: 0.13.4
      escodegen: 1.14.3
      esprima: 4.0.1
    dev: true
    engines:
      node: '>= 6'
    resolution:
      integrity: sha512-aiQcQowF01RxFI4ZLFMpzyotbQonhNpBao6dkI8JPk5a+hmSjR5ErHp2CQySmQe8os3VBqLCIh87nDBgZXvsmg==
  /depd/1.1.2:
    dev: true
    engines:
      node: '>= 0.6'
    resolution:
      integrity: sha1-m81S4UwJd2PnSbJ0xDRu0uVgtak=
  /diff/4.0.2:
    dev: true
    engines:
      node: '>=0.3.1'
    resolution:
      integrity: sha512-58lmxKSA4BNyLz+HHMUzlOEpg09FV+ev6ZMe3vJihgdxzgcwZ8VoEEPmALCZG9LmqfVoNMMKpttIYTVG6uDY7A==
  /diff/5.0.0:
    dev: true
    engines:
      node: '>=0.3.1'
    resolution:
      integrity: sha512-/VTCrvm5Z0JGty/BWHljh+BAiw3IK+2j87NGMu8Nwc/f48WoDAC395uomO9ZD117ZOBaHmkX1oyLvkVM/aIT3w==
  /difflib/0.2.4:
    dependencies:
      heap: 0.2.6
    dev: true
    resolution:
      integrity: sha1-teMDYabbAjF21WKJLbhZQKcY9H4=
  /dreamopt/0.6.0:
    dependencies:
      wordwrap: 1.0.0
    dev: true
    engines:
      node: '>=0.4.0'
    resolution:
      integrity: sha1-2BPM2sjTnYrVJndVFKE92mZNa0s=
  /emoji-regex/8.0.0:
    dev: true
    resolution:
      integrity: sha512-MSjYzcWNOA0ewAHpz0MxpYFvwg6yjy1NG3xteoqz644VCo/RPgnr1/GGt+ic3iJTzQ8Eu3TdM14SawnVUmGE6A==
  /end-of-stream/1.4.4:
    dependencies:
      once: 1.4.0
    dev: true
    resolution:
      integrity: sha512-+uw1inIHVPQoaVuHzRyXd21icM+cnt4CzD5rW+NC1wjOUSTOs+Te7FOv7AhN7vS9x/oIyhLP5PR1H+phQAHu5Q==
  /es5-ext/0.8.2:
    dev: true
    engines:
      node: '>=0.4'
    resolution:
      integrity: sha1-q6jZ4ZQ6iVrJaDemKjmz9V7NlKs=
  /esbuild/0.12.8:
    dev: true
    hasBin: true
    requiresBuild: true
    resolution:
      integrity: sha512-sx/LwlP/SWTGsd9G4RlOPrXnIihAJ2xwBUmzoqe2nWwbXORMQWtAGNJNYLBJJqa3e9PWvVzxdrtyFZJcr7D87g==
  /escalade/3.1.1:
    dev: true
    engines:
      node: '>=6'
    resolution:
      integrity: sha512-k0er2gUkLf8O0zKJiAhmkTnJlTvINGv7ygDNPbeIsX/TJjGJZHuh9B2UxbsaEkmlEo9MfhrSzmhIlhRlI2GXnw==
  /escodegen/1.14.3:
    dependencies:
      esprima: 4.0.1
      estraverse: 4.3.0
      esutils: 2.0.3
      optionator: 0.8.3
    dev: true
    engines:
      node: '>=4.0'
    hasBin: true
    optionalDependencies:
      source-map: 0.6.1
    resolution:
      integrity: sha512-qFcX0XJkdg+PB3xjZZG/wKSuT1PnQWx57+TVSjIMmILd2yC/6ByYElPwJnslDsuWuSAp4AwJGumarAAmJch5Kw==
  /esprima/4.0.1:
    dev: true
    engines:
      node: '>=4'
    hasBin: true
    resolution:
      integrity: sha512-eGuFFw7Upda+g4p+QHvnW0RyTX/SVeJBDM/gCtMARO0cLuT2HcEKnTPvhjV6aGeqrCB/sbNop0Kszm0jsaWU4A==
  /estraverse/4.3.0:
    dev: true
    engines:
      node: '>=4.0'
    resolution:
      integrity: sha512-39nnKffWz8xN1BU/2c79n9nB9HDzo0niYUqx6xyqUnyoAnQyyWpOTdZEeiCch8BBu515t4wp9ZmgVfVhn9EBpw==
  /esutils/2.0.3:
    dev: true
    engines:
      node: '>=0.10.0'
    resolution:
      integrity: sha512-kVscqXk4OCp68SZ0dkgEKVi6/8ij300KBWTJq32P/dYeWTSwK41WyTxalN1eRmA5Z9UU/LX9D7FWSmV9SAYx6g==
  /events/1.1.1:
    dev: true
    engines:
      node: '>=0.4.x'
    resolution:
      integrity: sha1-nr23Y1rQmccNzEwqH1AEKI6L2SQ=
  /exit-on-epipe/1.0.1:
    dev: true
    engines:
      node: '>=0.8'
    resolution:
      integrity: sha512-h2z5mrROTxce56S+pnvAV890uu7ls7f1kEvVGJbw1OlFH3/mlJ5bkXu0KRyW94v37zzHPiUd55iLn3DA7TjWpw==
  /fast-deep-equal/3.1.3:
    dev: true
    resolution:
      integrity: sha512-f3qQ9oQy9j2AhBe/H9VC91wLmKBCCU/gDOnKNAYG5hswO7BLKj09Hc5HYNz9cGI++xlpDCIgDaitVs03ATR84Q==
  /fast-levenshtein/2.0.6:
    dev: true
    resolution:
      integrity: sha1-PYpcZog6FqMMqGQ+hR8Zuqd5eRc=
  /file-uri-to-path/2.0.0:
    dev: true
    engines:
      node: '>= 6'
    resolution:
      integrity: sha512-hjPFI8oE/2iQPVe4gbrJ73Pp+Xfub2+WI2LlXDbsaJBwT5wuMh35WNWVYYTpnz895shtwfyutMFLFywpQAFdLg==
  /fs-constants/1.0.0:
    dev: true
    resolution:
      integrity: sha512-y6OAwoSIf7FyjMIv94u+b5rdheZEjzR63GTyZJm5qh4Bi+2YgwLCcI/fPFZkL5PSixOt6ZNKm+w+Hfp/Bciwow==
  /fs-extra/8.1.0:
    dependencies:
      graceful-fs: 4.2.6
      jsonfile: 4.0.0
      universalify: 0.1.2
    dev: true
    engines:
      node: '>=6 <7 || >=8'
    resolution:
      integrity: sha512-yhlQgA6mnOJUKOsRUFsgJdQCvkKhcz8tlZG5HBQfReYZy46OwLcY+Zia0mtdHsOo9y/hP+CxMN0TU9QxoOtG4g==
  /fs-extra/9.1.0:
    dependencies:
      at-least-node: 1.0.0
      graceful-fs: 4.2.6
      jsonfile: 6.1.0
      universalify: 2.0.0
    engines:
      node: '>=10'
    resolution:
      integrity: sha512-hcg3ZmepS30/7BSFqRvoo3DOMQu7IjqxO5nCDt+zM9XWjb33Wg7ziNT+Qvqbuc3+gWpzO02JubVyk2G4Zvo1OQ==
  /fs.realpath/1.0.0:
    dev: true
    resolution:
      integrity: sha1-FQStJSMVjKpA20onh8sBQRmU6k8=
  /ftp/0.3.10:
    dependencies:
      readable-stream: 1.1.14
      xregexp: 2.0.0
    dev: true
    engines:
      node: '>=0.8.0'
    resolution:
      integrity: sha1-kZfYYa2BQvPmPVqDv+TFn3MwiF0=
  /get-caller-file/2.0.5:
    dev: true
    engines:
      node: 6.* || 8.* || >= 10.*
    resolution:
      integrity: sha512-DyFP3BM/3YHTQOCUL/w0OZHR0lpKeGrxotcHWcqNEdnltqFwXVfhEBQ94eIo34AfQpo0rGki4cyIiftY06h2Fg==
  /get-uri/3.0.2:
    dependencies:
      '@tootallnate/once': 1.1.2
      data-uri-to-buffer: 3.0.1
      debug: 4.3.1
      file-uri-to-path: 2.0.0
      fs-extra: 8.1.0
      ftp: 0.3.10
    dev: true
    engines:
      node: '>= 6'
    resolution:
      integrity: sha512-+5s0SJbGoyiJTZZ2JTpFPLMPSch72KEqGOTvQsBqg0RBWvwhWUSYZFAtz3TPW0GXJuLBJPts1E241iHg+VRfhg==
  /glob/7.1.7:
    dependencies:
      fs.realpath: 1.0.0
      inflight: 1.0.6
      inherits: 2.0.4
      minimatch: 3.0.4
      once: 1.4.0
      path-is-absolute: 1.0.1
    dev: true
    resolution:
      integrity: sha512-OvD9ENzPLbegENnYP5UUfJIirTg4+XwMWGaQfQTY0JenxNvvIKP3U3/tAQSPIu/lHxXYSZmpXlUHeqAIdKzBLQ==
  /graceful-fs/4.2.6:
    resolution:
      integrity: sha512-nTnJ528pbqxYanhpDYsi4Rd8MAeaBA67+RZ10CM1m3bTAVFEDcd5AuA4a6W5YkGZ1iNXHzZz8T6TBKLeBuNriQ==
  /heap/0.2.6:
    dev: true
    resolution:
      integrity: sha1-CH4fELBGky/IWU3Z5tN4r8nR5aw=
  /http-errors/1.7.3:
    dependencies:
      depd: 1.1.2
      inherits: 2.0.4
      setprototypeof: 1.1.1
      statuses: 1.5.0
      toidentifier: 1.0.0
    dev: true
    engines:
      node: '>= 0.6'
    resolution:
      integrity: sha512-ZTTX0MWrsQ2ZAhA1cejAwDLycFsd7I7nVtnkT3Ol0aqodaKW+0CTZDQ1uBv5whptCnc8e8HeRRJxRs0kmm/Qfw==
  /http-proxy-agent/4.0.1:
    dependencies:
      '@tootallnate/once': 1.1.2
      agent-base: 6.0.2
      debug: 4.3.1
    dev: true
    engines:
      node: '>= 6'
    resolution:
      integrity: sha512-k0zdNgqWTGA6aeIRVpvfVob4fL52dTfaehylg0Y4UvSySvOq/Y+BOyPrgpUrA7HylqvU8vIZGsRuXmspskV0Tg==
  /https-proxy-agent/5.0.0:
    dependencies:
      agent-base: 6.0.2
      debug: 4.3.1
    dev: true
    engines:
      node: '>= 6'
    resolution:
      integrity: sha512-EkYm5BcKUGiduxzSt3Eppko+PiNWNEpa4ySk9vTC6wDsQJW9rHSa+UhGNJoRYp7bz6Ht1eaRIa6QaJqO5rCFbA==
  /iconv-lite/0.4.24:
    dependencies:
      safer-buffer: 2.1.2
    dev: true
    engines:
      node: '>=0.10.0'
    resolution:
      integrity: sha512-v3MXnZAcvnywkTUEZomIActle7RXXeedOR31wwl7VlyoXO4Qi9arvSenNQWne1TcRwhCL1HwLI21bEqdpj8/rA==
  /ieee754/1.1.13:
    dev: true
    resolution:
      integrity: sha512-4vf7I2LYV/HaWerSo3XmlMkp5eZ83i+/CDluXi/IGTs/O1sejBNhTtnxzmRZfvOUqj7lZjqHkeTvpgSFDlWZTg==
  /ieee754/1.2.1:
    dev: true
    resolution:
      integrity: sha512-dcyqhDvX1C46lXZcVqCpK+FtMRQVdIMN6/Df5js2zouUsqG7I6sFxitIC+7KYK29KdXOLHdu9zL4sFnoVQnqaA==
  /ignore/5.1.8:
    engines:
      node: '>= 4'
    resolution:
      integrity: sha512-BMpfD7PpiETpBl/A6S498BaIJ6Y/ABT93ETbby2fP00v4EbvPBXWEoaR1UBPKs3iR53pJY7EtZk5KACI57i1Uw==
  /inflight/1.0.6:
    dependencies:
      once: 1.4.0
      wrappy: 1.0.2
    dev: true
    resolution:
      integrity: sha1-Sb1jMdfQLQwJvJEKEHW6gWW1bfk=
  /inherits/2.0.4:
    dev: true
    resolution:
      integrity: sha512-k/vGaX4/Yla3WzyMCvTQOXYeIHvqOKtnqBduzTHpzpQZzAskKMhZ2K+EnBiSM9zGSoIFeMpXKxa4dYeZIQqewQ==
  /ip/1.1.5:
    dev: true
    resolution:
      integrity: sha1-vd7XARQpCCjAoDnnLvJfWq7ENUo=
  /is-buffer/1.1.6:
    dev: true
    resolution:
      integrity: sha512-NcdALwpXkTm5Zvvbk7owOUSvVvBKDgKP5/ewfXEznmQFfs4ZRmanOeKBTjRVjka3QFoN6XJ+9F3USqfHqTaU5w==
  /is-fullwidth-code-point/3.0.0:
    dev: true
    engines:
      node: '>=8'
    resolution:
      integrity: sha512-zymm5+u+sCsSWyD9qNaejV3DFvhCKclKdizYaJUuHA83RLjb7nSuGnddCHGv0hk+KY7BMAlsWeK4Ueg6EV6XQg==
  /isarray/0.0.1:
    dev: true
    resolution:
      integrity: sha1-ihis/Kmo9Bd+Cav8YDiTmwXR7t8=
  /isarray/1.0.0:
    dev: true
    resolution:
      integrity: sha1-u5NdSFgsuhaMBoNJV6VKPgcSTxE=
  /jmespath/0.15.0:
    dev: true
    engines:
      node: '>= 0.6.0'
    resolution:
      integrity: sha1-o/Iiqarp+Wb10nx5ZRDigJF2Qhc=
  /json-diff/0.5.4:
    dependencies:
      cli-color: 0.1.7
      difflib: 0.2.4
      dreamopt: 0.6.0
    dev: true
    hasBin: true
    resolution:
      integrity: sha512-q5Xmx9QXNOzOzIlMoYtLrLiu4Jl/Ce2bn0CNcv54PhyH89CI4GWlGVDye8ei2Ijt9R3U+vsWPsXpLUNob8bs8Q==
  /json-schema-traverse/1.0.0:
    dev: true
    resolution:
      integrity: sha512-NM8/P9n3XjXhIZn1lLhkFaACTOURQXjWhV4BA/RnOv8xvgqtqpAX9IO4mRQxSx1Rlo4tqzeqb0sOlruaOy3dug==
  /jsonfile/4.0.0:
    dev: true
    optionalDependencies:
      graceful-fs: 4.2.6
    resolution:
      integrity: sha1-h3Gq4HmbZAdrdmQPygWPnBDjPss=
  /jsonfile/6.1.0:
    dependencies:
      universalify: 2.0.0
    optionalDependencies:
      graceful-fs: 4.2.6
    resolution:
      integrity: sha512-5dgndWOriYSm5cnYaJNhalLNDKOqFwyDB/rr1E9ZsGciGvKPs8R2xYGCacuf3z6K1YKDz182fd+fY3cn3pMqXQ==
  /jsonschema/1.4.0:
    resolution:
      integrity: sha512-/YgW6pRMr6M7C+4o8kS+B/2myEpHCrxO4PEWnqJNBFMjn7EWXqlQ4tGwL6xTHeRplwuZmcAncdvfOad1nT2yMw==
  /lazystream/1.0.0:
    dependencies:
      readable-stream: 2.3.7
    dev: true
    engines:
      node: '>= 0.6.3'
    resolution:
      integrity: sha1-9plf4PggOS9hOWvolGJAe7dxaOQ=
  /levn/0.3.0:
    dependencies:
      prelude-ls: 1.1.2
      type-check: 0.3.2
    dev: true
    engines:
      node: '>= 0.8.0'
    resolution:
      integrity: sha1-OwmSTt+fCDwEkP3UwLxEIeBHZO4=
  /lodash.clonedeep/4.5.0:
    dev: true
    resolution:
      integrity: sha1-4j8/nE+Pvd6HJSnBBxhXoIblzO8=
  /lodash.defaults/4.2.0:
    dev: true
    resolution:
      integrity: sha1-0JF4cW/+pN3p5ft7N/bwgCJ0WAw=
  /lodash.difference/4.5.0:
    dev: true
    resolution:
      integrity: sha1-nMtOUF1Ia5FlE0V3KIWi3yf9AXw=
  /lodash.flatten/4.4.0:
    dev: true
    resolution:
      integrity: sha1-8xwiIlqWMtK7+OSt2+8kCqdlph8=
  /lodash.isplainobject/4.0.6:
    dev: true
    resolution:
      integrity: sha1-fFJqUtibRcRcxpC4gWO+BJf1UMs=
  /lodash.truncate/4.4.2:
    dev: true
    resolution:
      integrity: sha1-WjUNoLERO4N+z//VgSy+WNbq4ZM=
  /lodash.union/4.6.0:
    dev: true
    resolution:
      integrity: sha1-SLtQiECfFvGCFmZkHETdGqrjzYg=
  /lru-cache/5.1.1:
    dependencies:
      yallist: 3.1.1
    dev: true
    resolution:
      integrity: sha512-KpNARQA3Iwv+jTA0utUVVbrh+Jlrr1Fv0e56GGzAFOXN7dk/FviaDW8LHmK52DlcH4WP2n6gI8vN1aesBFgo9w==
  /lru-cache/6.0.0:
    dependencies:
      yallist: 4.0.0
    engines:
      node: '>=10'
    resolution:
      integrity: sha512-Jo6dJ04CmSjuznwJSS3pUeWmd/H0ffTlkXXgwZi+eq1UCmqQwCh+eLsYOYCwY991i2Fah4h1BEMCx4qThGbsiA==
  /make-error/1.3.6:
    dev: true
    resolution:
      integrity: sha512-s8UhlNe7vPKomQhC1qFelMokr/Sc3AgNbso3n74mVPA5LTZwkB9NlXf4XPamLxJE8h0gh73rM94xvwRT2CVInw==
  /md5/2.3.0:
    dependencies:
      charenc: 0.0.2
      crypt: 0.0.2
      is-buffer: 1.1.6
    dev: true
    resolution:
      integrity: sha512-T1GITYmFaKuO91vxyoQMFETst+O71VUPEU3ze5GNzDm0OWdP8v1ziTaAEPUr/3kLsY3Sftgz242A1SetQiDL7g==
  /minimatch/3.0.4:
    dependencies:
      brace-expansion: 1.1.11
    resolution:
      integrity: sha512-yJHVQEhyqPLUTgt9B83PXu6W3rx4MvvHvSUvToogpwoGDOUQ+yDrR0HRot+yOCdCO7u4hX3pWft6kWBBcqh0UA==
  /ms/2.1.2:
    dev: true
    resolution:
      integrity: sha512-sGkPx+VjMtmA6MX27oA4FBFELFCZZ4S4XqeGOXCv68tT+jb3vk/RyaKWP0PTKyWtmLSM0b+adUTEvbs1PEaH2w==
  /mute-stream/0.0.8:
    dev: true
    resolution:
      integrity: sha512-nnbWWOkoWyUsTjKrhgD0dcz22mdkSnpYqbEjIm2nhwhuxlSkpywJmBo8h0ZqJdkp73mb90SssHkN4rsRaBAfAA==
  /netmask/2.0.2:
    dev: true
    engines:
      node: '>= 0.4.0'
    resolution:
      integrity: sha512-dBpDMdxv9Irdq66304OLfEmQ9tbNRFnFTuZiLo+bD+r332bBmMJ8GBLXklIXXgxd3+v9+KUnZaUR5PJMa75Gsg==
  /normalize-path/3.0.0:
    dev: true
    engines:
      node: '>=0.10.0'
    resolution:
      integrity: sha512-6eZs5Ls3WtCisHWp9S2GUy8dqkpGi4BVSz3GaqiE6ezub0512ESztXUwUB6C6IKbQkY2Pnb/mD4WYojCRwcwLA==
  /once/1.4.0:
    dependencies:
      wrappy: 1.0.2
    dev: true
    resolution:
      integrity: sha1-WDsap3WWHUsROsF9nFC6753Xa9E=
  /optionator/0.8.3:
    dependencies:
      deep-is: 0.1.3
      fast-levenshtein: 2.0.6
      levn: 0.3.0
      prelude-ls: 1.1.2
      type-check: 0.3.2
      word-wrap: 1.2.3
    dev: true
    engines:
      node: '>= 0.8.0'
    resolution:
      integrity: sha512-+IW9pACdk3XWmmTXG8m3upGUJst5XRGzxMRjXzAuJ1XnIFNvfhjjIuYkDvysnPQ7qzqVzLt78BCruntqRhWQbA==
  /pac-proxy-agent/4.1.0:
    dependencies:
      '@tootallnate/once': 1.1.2
      agent-base: 6.0.2
      debug: 4.3.1
      get-uri: 3.0.2
      http-proxy-agent: 4.0.1
      https-proxy-agent: 5.0.0
      pac-resolver: 4.2.0
      raw-body: 2.4.1
      socks-proxy-agent: 5.0.0
    dev: true
    engines:
      node: '>= 6'
    resolution:
      integrity: sha512-ejNgYm2HTXSIYX9eFlkvqFp8hyJ374uDf0Zq5YUAifiSh1D6fo+iBivQZirGvVv8dCYUsLhmLBRhlAYvBKI5+Q==
  /pac-resolver/4.2.0:
    dependencies:
      degenerator: 2.2.0
      ip: 1.1.5
      netmask: 2.0.2
    dev: true
    engines:
      node: '>= 6'
    resolution:
      integrity: sha512-rPACZdUyuxT5Io/gFKUeeZFfE5T7ve7cAkE5TUZRRfuKP0u5Hocwe48X7ZEm6mYB+bTB0Qf+xlVlA/RM/i6RCQ==
  /path-is-absolute/1.0.1:
    dev: true
    engines:
      node: '>=0.10.0'
    resolution:
      integrity: sha1-F0uSaHNVNP+8es5r9TpanhtcX18=
  /prelude-ls/1.1.2:
    dev: true
    engines:
      node: '>= 0.8.0'
    resolution:
      integrity: sha1-IZMqVJ9eUv/ZqCf1cOBL5iqX2lQ=
  /printj/1.1.2:
    dev: true
    engines:
      node: '>=0.8'
    hasBin: true
    resolution:
      integrity: sha512-zA2SmoLaxZyArQTOPj5LXecR+RagfPSU5Kw1qP+jkWeNlrq+eJZyY2oS68SU1Z/7/myXM4lo9716laOFAVStCQ==
  /process-nextick-args/2.0.1:
    dev: true
    resolution:
      integrity: sha512-3ouUOpQhtgrbOa17J7+uxOTpITYWaGP7/AhoR3+A+/1e9skrzelGi/dXzEYyvbxubEF6Wn2ypscTKiKJFFn1ag==
  /promptly/3.2.0:
    dependencies:
      read: 1.0.7
    dev: true
    resolution:
      integrity: sha512-WnR9obtgW+rG4oUV3hSnNGl1pHm3V1H/qD9iJBumGSmVsSC5HpZOLuu8qdMb6yCItGfT7dcRszejr/5P3i9Pug==
  /proxy-agent/4.0.1:
    dependencies:
      agent-base: 6.0.2
      debug: 4.3.1
      http-proxy-agent: 4.0.1
      https-proxy-agent: 5.0.0
      lru-cache: 5.1.1
      pac-proxy-agent: 4.1.0
      proxy-from-env: 1.1.0
      socks-proxy-agent: 5.0.0
    dev: true
    engines:
      node: '>=6'
    resolution:
      integrity: sha512-ODnQnW2jc/FUVwHHuaZEfN5otg/fMbvMxz9nMSUQfJ9JU7q2SZvSULSsjLloVgJOiv9yhc8GlNMKc4GkFmcVEA==
  /proxy-from-env/1.1.0:
    dev: true
    resolution:
      integrity: sha512-D+zkORCbA9f1tdWRK0RaCR3GPv50cMxcrz4X8k5LTSUD1Dkw47mKJEZQNunItRTkWwgtaUSo1RVFRIG9ZXiFYg==
  /punycode/1.3.2:
    dev: true
    resolution:
      integrity: sha1-llOgNvt8HuQjQvIyXM7v6jkmxI0=
  /punycode/2.1.1:
    dev: true
    engines:
      node: '>=6'
    resolution:
      integrity: sha512-XRsRjdf+j5ml+y/6GKHPZbrF/8p2Yga0JPtdqTIY2Xe5ohJPD9saDJJLPvp9+NSBprVvevdXZybnj2cv8OEd0A==
  /querystring/0.2.0:
    dev: true
    engines:
      node: '>=0.4.x'
    resolution:
      integrity: sha1-sgmEkgO7Jd+CDadW50cAWHhSFiA=
  /raw-body/2.4.1:
    dependencies:
      bytes: 3.1.0
      http-errors: 1.7.3
      iconv-lite: 0.4.24
      unpipe: 1.0.0
    dev: true
    engines:
      node: '>= 0.8'
    resolution:
      integrity: sha512-9WmIKF6mkvA0SLmA2Knm9+qj89e+j1zqgyn8aXGd7+nAduPoqgI9lO57SAZNn/Byzo5P7JhXTyg9PzaJbH73bA==
  /read/1.0.7:
    dependencies:
      mute-stream: 0.0.8
    dev: true
    engines:
      node: '>=0.8'
    resolution:
      integrity: sha1-s9oZvQUkMal2cdRKQmNK33ELQMQ=
  /readable-stream/1.1.14:
    dependencies:
      core-util-is: 1.0.2
      inherits: 2.0.4
      isarray: 0.0.1
      string_decoder: 0.10.31
    dev: true
    resolution:
      integrity: sha1-fPTFTvZI44EwhMY23SB54WbAgdk=
  /readable-stream/2.3.7:
    dependencies:
      core-util-is: 1.0.2
      inherits: 2.0.4
      isarray: 1.0.0
      process-nextick-args: 2.0.1
      safe-buffer: 5.1.2
      string_decoder: 1.1.1
      util-deprecate: 1.0.2
    dev: true
    resolution:
      integrity: sha512-Ebho8K4jIbHAxnuxi7o42OrZgF/ZTNcsZj6nRKyUmkhLFq8CHItp/fy6hQZuZmP/n3yZ9VBUbp4zz/mX8hmYPw==
  /readable-stream/3.6.0:
    dependencies:
      inherits: 2.0.4
      string_decoder: 1.3.0
      util-deprecate: 1.0.2
    dev: true
    engines:
      node: '>= 6'
    resolution:
      integrity: sha512-BViHy7LKeTz4oNnkcLJ+lVSL6vpiFeX6/d3oSH8zCW7UxP2onchk+vTGB143xuFjHS3deTgkKoXXymXqymiIdA==
  /readdir-glob/1.1.1:
    dependencies:
      minimatch: 3.0.4
    dev: true
    resolution:
      integrity: sha512-91/k1EzZwDx6HbERR+zucygRFfiPl2zkIYZtv3Jjr6Mn7SkKcVct8aVO+sSRiGMc6fLf72du3d92/uY63YPdEA==
  /require-directory/2.1.1:
    dev: true
    engines:
      node: '>=0.10.0'
    resolution:
      integrity: sha1-jGStX9MNqxyXbiNE/+f3kqam30I=
  /require-from-string/2.0.2:
    dev: true
    engines:
      node: '>=0.10.0'
    resolution:
      integrity: sha512-Xf0nWe6RseziFMu+Ap9biiUbmplq6S9/p+7w7YXP/JBHhrUDDUhwa+vANyubuqfZWTveU//DYVGsDG7RKL/vEw==
  /safe-buffer/5.1.2:
    dev: true
    resolution:
      integrity: sha512-Gd2UZBJDkXlY7GbJxfsE8/nvKkUEU1G38c1siN6QP6a9PT9MmHB8GnpscSmMJSoF8LOIrt8ud/wPtojys4G6+g==
  /safe-buffer/5.2.1:
    dev: true
    resolution:
      integrity: sha512-rp3So07KcdmmKbGvgaNxQSJr7bGVSVk5S9Eq1F+ppbRo70+YeaDxkw5Dd8NPN+GD6bjnYm2VuPuCXmpuYvmCXQ==
  /safer-buffer/2.1.2:
    dev: true
    resolution:
      integrity: sha512-YZo3K82SD7Riyi0E1EQPojLz7kpepnSQI9IyPbHHg1XXXevb5dJI7tpyN2ADxGcQbHG7vcyRHk0cbwqcQriUtg==
  /sax/1.2.1:
    dev: true
    resolution:
      integrity: sha1-e45lYZCyKOgaZq6nSEgNgozS03o=
  /semver/7.3.5:
    dependencies:
      lru-cache: 6.0.0
    engines:
      node: '>=10'
    hasBin: true
    resolution:
      integrity: sha512-PoeGJYh8HK4BTO/a9Tf6ZG3veo/A7ZVsYrSA6J8ny9nb3B1VrpkuN+z9OE5wfE5p6H4LchYZsegiQgbJD94ZFQ==
  /setprototypeof/1.1.1:
    dev: true
    resolution:
      integrity: sha512-JvdAWfbXeIGaZ9cILp38HntZSFSo3mWg6xGcJJsd+d4aRMOqauag1C63dJfDw7OaMYwEbHMOxEZ1lqVRYP2OAw==
  /slice-ansi/4.0.0:
    dependencies:
      ansi-styles: 4.3.0
      astral-regex: 2.0.0
      is-fullwidth-code-point: 3.0.0
    dev: true
    engines:
      node: '>=10'
    resolution:
      integrity: sha512-qMCMfhY040cVHT43K9BFygqYbUPFZKHOg7K73mtTWJRb8pyP3fzf4Ixd5SzdEJQ6MRUg/WBnOLxghZtKKurENQ==
  /smart-buffer/4.1.0:
    dev: true
    engines:
      node: '>= 6.0.0'
      npm: '>= 3.0.0'
    resolution:
      integrity: sha512-iVICrxOzCynf/SNaBQCw34eM9jROU/s5rzIhpOvzhzuYHfJR/DhZfDkXiZSgKXfgv26HT3Yni3AV/DGw0cGnnw==
  /socks-proxy-agent/5.0.0:
    dependencies:
      agent-base: 6.0.2
      debug: 4.3.1
      socks: 2.6.1
    dev: true
    engines:
      node: '>= 6'
    resolution:
      integrity: sha512-lEpa1zsWCChxiynk+lCycKuC502RxDWLKJZoIhnxrWNjLSDGYRFflHA1/228VkRcnv9TIb8w98derGbpKxJRgA==
  /socks/2.6.1:
    dependencies:
      ip: 1.1.5
      smart-buffer: 4.1.0
    dev: true
    engines:
      node: '>= 10.13.0'
      npm: '>= 3.0.0'
    resolution:
      integrity: sha512-kLQ9N5ucj8uIcxrDwjm0Jsqk06xdpBjGNQtpXy4Q8/QY2k+fY7nZH8CARy+hkbG+SGAovmzzuauCpBlb8FrnBA==
  /source-map-support/0.5.19:
    dependencies:
      buffer-from: 1.1.1
      source-map: 0.6.1
    resolution:
      integrity: sha512-Wonm7zOCIJzBGQdB+thsPar0kYuCIzYvxZwlBa87yi/Mdjv7Tip2cyVbLj5o0cFPN4EVkuTwb3GDDyUx2DGnGw==
  /source-map/0.6.1:
    engines:
      node: '>=0.10.0'
    resolution:
      integrity: sha512-UjgapumWlbMhkBgzT7Ykc5YXUT46F0iKu8SGXq0bcwP5dz/h0Plj6enJqjz1Zbq2l5WaqYnrVbwWOWMyF3F47g==
  /statuses/1.5.0:
    dev: true
    engines:
      node: '>= 0.6'
    resolution:
      integrity: sha1-Fhx9rBd2Wf2YEfQ3cfqZOBR4Yow=
  /string-width/4.2.2:
    dependencies:
      emoji-regex: 8.0.0
      is-fullwidth-code-point: 3.0.0
      strip-ansi: 6.0.0
    dev: true
    engines:
      node: '>=8'
    resolution:
      integrity: sha512-XBJbT3N4JhVumXE0eoLU9DCjcaF92KLNqTmFCnG1pf8duUxFGwtP6AD6nkjw9a3IdiRtL3E2w3JDiE/xi3vOeA==
  /string_decoder/0.10.31:
    dev: true
    resolution:
      integrity: sha1-YuIDvEF2bGwoyfyEMB2rHFMQ+pQ=
  /string_decoder/1.1.1:
    dependencies:
      safe-buffer: 5.1.2
    dev: true
    resolution:
      integrity: sha512-n/ShnvDi6FHbbVfviro+WojiFzv+s8MPMHBczVePfUpDJLwoLT0ht1l4YwBCbi8pJAveEEdnkHyPyTP/mzRfwg==
  /string_decoder/1.3.0:
    dependencies:
      safe-buffer: 5.2.1
    dev: true
    resolution:
      integrity: sha512-hkRX8U1WjJFd8LsDJ2yQ/wWWxaopEsABU1XfkM8A+j0+85JAGppt16cr1Whg6KIbb4okU6Mql6BOj+uup/wKeA==
  /strip-ansi/6.0.0:
    dependencies:
      ansi-regex: 5.0.0
    dev: true
    engines:
      node: '>=8'
    resolution:
      integrity: sha512-AuvKTrTfQNYNIctbR1K/YGTR1756GycPsg7b9bdV9Duqur4gv6aKqHXah67Z8ImS7WEz5QVcOtlfW2rZEugt6w==
  /table/6.7.1:
    dependencies:
      ajv: 8.6.0
      lodash.clonedeep: 4.5.0
      lodash.truncate: 4.4.2
      slice-ansi: 4.0.0
      string-width: 4.2.2
      strip-ansi: 6.0.0
    dev: true
    engines:
      node: '>=10.0.0'
    resolution:
      integrity: sha512-ZGum47Yi6KOOFDE8m223td53ath2enHcYLgOCjGr5ngu8bdIARQk6mN/wRMv4yMRcHnCSnHbCEha4sobQx5yWg==
  /tar-stream/2.2.0:
    dependencies:
      bl: 4.1.0
      end-of-stream: 1.4.4
      fs-constants: 1.0.0
      inherits: 2.0.4
      readable-stream: 3.6.0
    dev: true
    engines:
      node: '>=6'
    resolution:
      integrity: sha512-ujeqbceABgwMZxEJnk2HDY2DlnUZ+9oEcb1KzTVfYHio0UE6dG71n60d8D2I4qNvleWrrXpmjpt7vZeF1LnMZQ==
  /toidentifier/1.0.0:
    dev: true
    engines:
      node: '>=0.6'
    resolution:
      integrity: sha512-yaOH/Pk/VEhBWWTlhI+qXxDFXlejDGcQipMlyxda9nthulaxLZUNcUqFxokp0vcYnvteJln5FNQDRrxj3YcbVw==
  /ts-node/9.1.1_typescript@4.1.6:
    dependencies:
      arg: 4.1.3
      create-require: 1.1.1
      diff: 4.0.2
      make-error: 1.3.6
      source-map-support: 0.5.19
      typescript: 4.1.6
      yn: 3.1.1
    dev: true
    engines:
      node: '>=10.0.0'
    hasBin: true
    peerDependencies:
      typescript: '>=2.7'
    resolution:
      integrity: sha512-hPlt7ZACERQGf03M253ytLY3dHbGNGrAq9qIHWUY9XHYl1z7wYngSr3OQ5xmui8o2AaxsONxIzjafLUiWBo1Fg==
  /tslib/2.2.0:
    dev: true
    resolution:
      integrity: sha512-gS9GVHRU+RGn5KQM2rllAlR3dU6m7AcpJKdtH8gFvQiC4Otgk98XnmMU+nZenHt/+VhnBPWwgrJsyrdcw6i23w==
  /type-check/0.3.2:
    dependencies:
      prelude-ls: 1.1.2
    dev: true
    engines:
      node: '>= 0.8.0'
    resolution:
      integrity: sha1-WITKtRLPHTVeP7eE8wgEsrUg23I=
  /typescript/4.1.6:
    dev: true
    engines:
      node: '>=4.2.0'
    hasBin: true
    resolution:
      integrity: sha512-pxnwLxeb/Z5SP80JDRzVjh58KsM6jZHRAOtTpS7sXLS4ogXNKC9ANxHHZqLLeVHZN35jCtI4JdmLLbLiC1kBow==
  /universalify/0.1.2:
    dev: true
    engines:
      node: '>= 4.0.0'
    resolution:
      integrity: sha512-rBJeI5CXAlmy1pV+617WB9J63U6XcazHHF2f2dbJix4XzpUF0RS3Zbj0FGIOCAva5P/d/GBOYaACQ1w+0azUkg==
  /universalify/2.0.0:
    engines:
      node: '>= 10.0.0'
    resolution:
      integrity: sha512-hAZsKq7Yy11Zu1DE0OzWjw7nnLZmJZYTDZZyEFHZdUhV8FkH5MCfoU1XMaxXovpyW5nq5scPqq0ZDP9Zyl04oQ==
  /unpipe/1.0.0:
    dev: true
    engines:
      node: '>= 0.8'
    resolution:
      integrity: sha1-sr9O6FFKrmFltIF4KdIbLvSZBOw=
  /uri-js/4.4.1:
    dependencies:
      punycode: 2.1.1
    dev: true
    resolution:
      integrity: sha512-7rKUyy33Q1yc98pQ1DAmLtwX109F7TIfWlW1Ydo8Wl1ii1SeHieeh0HHfPeL2fMXK6z0s8ecKs9frCuLJvndBg==
  /url/0.10.3:
    dependencies:
      punycode: 1.3.2
      querystring: 0.2.0
    dev: true
    resolution:
      integrity: sha1-Ah5NnHcF8hu/N9A861h2dAJ3TGQ=
  /util-deprecate/1.0.2:
    dev: true
    resolution:
      integrity: sha1-RQ1Nyfpw3nMnYvvS1KKJgUGaDM8=
  /uuid/3.3.2:
    deprecated: Please upgrade  to version 7 or higher.  Older versions may use Math.random() in certain circumstances, which is known to be problematic.  See https://v8.dev/blog/math-random for details.
    dev: true
    hasBin: true
    resolution:
      integrity: sha512-yXJmeNaw3DnnKAOKJE51sL/ZaYfWJRl1pK9dr19YFCu0ObS231AB1/LbqTKRAQ5kw8A90rA6fr4riOUpTZvQZA==
  /uuid/8.3.2:
    dev: true
    hasBin: true
    resolution:
      integrity: sha512-+NYs2QeMWy+GWFOEm9xnn6HCDp0l7QBD7ml8zLUmJ+93Q5NF0NocErnwkTkXVFNiX3/fpC6afS8Dhb/gz7R7eg==
  /word-wrap/1.2.3:
    dev: true
    engines:
      node: '>=0.10.0'
    resolution:
      integrity: sha512-Hz/mrNwitNRh/HUAtM/VT/5VH+ygD6DV7mYKZAtHOrbs8U7lvPS6xf7EJKMF0uW1KJCl0H701g3ZGus+muE5vQ==
  /wordwrap/1.0.0:
    dev: true
    resolution:
      integrity: sha1-J1hIEIkUVqQXHI0CJkQa3pDLyus=
  /wrap-ansi/7.0.0:
    dependencies:
      ansi-styles: 4.3.0
      string-width: 4.2.2
      strip-ansi: 6.0.0
    dev: true
    engines:
      node: '>=10'
    resolution:
      integrity: sha512-YVGIj2kamLSTxw6NsZjoBxfSwsn0ycdesmc4p+Q21c5zPuZ1pl+NfxVdxPtdHvmNVOQ6XSYG4AUtyt/Fi7D16Q==
  /wrappy/1.0.2:
    dev: true
    resolution:
      integrity: sha1-tSQ9jz7BqjXxNkYFvA0QNuMKtp8=
  /xml2js/0.4.19:
    dependencies:
      sax: 1.2.1
      xmlbuilder: 9.0.7
    dev: true
    resolution:
      integrity: sha512-esZnJZJOiJR9wWKMyuvSE1y6Dq5LCuJanqhxslH2bxM6duahNZ+HMpCLhBQGZkbX6xRf8x1Y2eJlgt2q3qo49Q==
  /xmlbuilder/9.0.7:
    dev: true
    engines:
      node: '>=4.0'
    resolution:
      integrity: sha1-Ey7mPS7FVlxVfiD0wi35rKaGsQ0=
  /xregexp/2.0.0:
    dev: true
    resolution:
      integrity: sha1-UqY+VsoLhKfzpfPWGHLxJq16WUM=
  /y18n/5.0.8:
    dev: true
    engines:
      node: '>=10'
    resolution:
      integrity: sha512-0pfFzegeDWJHJIAmTLRP2DwHjdF5s7jo9tuztdQxAhINCdvS+3nGINqPd00AphqJR/0LhANUS6/+7SCb98YOfA==
  /yallist/3.1.1:
    dev: true
    resolution:
      integrity: sha512-a4UGQaWPH59mOXUYnAG2ewncQS4i4F43Tv3JoAM+s2VDAmS9NsK8GpDMLrCHPksFT7h3K6TOoUNn2pb7RoXx4g==
  /yallist/4.0.0:
    resolution:
      integrity: sha512-3wdGidZyq5PB084XLES5TpOSRA3wjXAlIWMhum2kRcv/41Sn2emQ0dycQW4uZXLejwKvg6EsvbdlVL+FYEct7A==
  /yaml/1.10.2:
    dev: true
    engines:
      node: '>= 6'
    resolution:
      integrity: sha512-r3vXyErRCYJ7wg28yvBY5VSoAF8ZvlcW9/BwUzEtUsjvX/DKs24dIkuwjtuprwJJHsbyUbLApepYTR1BN4uHrg==
  /yargs-parser/20.2.7:
    dev: true
    engines:
      node: '>=10'
    resolution:
      integrity: sha512-FiNkvbeHzB/syOjIUxFDCnhSfzAL8R5vs40MgLFBorXACCOAEaWu0gRZl14vG8MR9AOJIZbmkjhusqBYZ3HTHw==
  /yargs/16.2.0:
    dependencies:
      cliui: 7.0.4
      escalade: 3.1.1
      get-caller-file: 2.0.5
      require-directory: 2.1.1
      string-width: 4.2.2
      y18n: 5.0.8
      yargs-parser: 20.2.7
    dev: true
    engines:
      node: '>=10'
    resolution:
      integrity: sha512-D1mvvtDG0L5ft/jGWkLpG1+m0eQxOfaBvTNELraWj22wSVUMWxZUvYgJYcKh6jGGIkJFhH4IZPQhR4TKpc8mBw==
  /yn/3.1.1:
    dev: true
    engines:
      node: '>=6'
    resolution:
      integrity: sha512-Ux4ygGWsu2c7isFWe8Yu1YluJmqVhxqK2cLXNQA5AcC3QfbGNpM7fu0Y8b/z16pXLnFxZYvWhd3fhBY9DLmC6Q==
  /zip-stream/4.1.0:
    dependencies:
      archiver-utils: 2.1.0
      compress-commons: 4.1.1
      readable-stream: 3.6.0
    dev: true
    engines:
      node: '>= 10'
    resolution:
      integrity: sha512-zshzwQW7gG7hjpBlgeQP9RuyPGNxvJdzR8SUM3QhxCnLjWN2E7j3dOvpeDcQoETfHx0urRS7EtmVToql7YpU4A==
specifiers:
  '@aws-cdk/assert': 1.101.0
  '@aws-cdk/aws-lambda-nodejs': 1.101.0
  '@aws-cdk/core': 1.101.0
  '@types/node': 14.14.22
  aws-cdk: 1.101.0
  cdk-ssm-document: file:..
  esbuild: ^0.12.0
  source-map-support: ^0.5.19
  ts-node: ^9.1.1
  typescript: ~4.1.6
