dependencies:
  '@aws-cdk/aws-lambda-nodejs': 1.101.0
  aws-cloudformation-custom-resource: 3.0.0
  js-yaml: 4.1.0
devDependencies:
  esbuild: 0.12.9
lockfileVersion: 5.2
packages:
  /@aws-cdk/assets/1.101.0:
    dependencies:
      '@aws-cdk/core': 1.101.0
      '@aws-cdk/cx-api': 1.101.0
      constructs: 3.3.84
    dev: false
    engines:
      node: '>= 10.13.0 <13 || >=13.7.0'
    resolution:
      integrity: sha512-QDeflWlw1I8ZaUz+gcIfrUceyokiQj+epi+pP8rha7ZoUiM996Vm09nsvIk16GMIQlW+R02aR0E7SFBQIYOa9Q==
  /@aws-cdk/aws-applicationautoscaling/1.101.0:
    dependencies:
      '@aws-cdk/aws-autoscaling-common': 1.101.0
      '@aws-cdk/aws-cloudwatch': 1.101.0
      '@aws-cdk/aws-iam': 1.101.0
      '@aws-cdk/core': 1.101.0
      constructs: 3.3.84
    dev: false
    engines:
      node: '>= 10.13.0 <13 || >=13.7.0'
    resolution:
      integrity: sha512-1bZt/3V/DierxID5WZZ5EVwSquozZAZesNdz0XxAw9NI5uaf3J2xohCHd8zo9rbA/JpeRj+gjQGlk4/3kC/lwg==
  /@aws-cdk/aws-autoscaling-common/1.101.0:
    dependencies:
      '@aws-cdk/aws-iam': 1.101.0
      '@aws-cdk/core': 1.101.0
      constructs: 3.3.84
    dev: false
    engines:
      node: '>= 10.13.0 <13 || >=13.7.0'
    resolution:
      integrity: sha512-ynG/Ff3nZpzJJ1eTV99Wu85TxqSragXCGMAZ4cLl+YXxzvDsqMXNCG6grukTaIoOIMh4ziQ6ia1uVUMqTtCh9Q==
  /@aws-cdk/aws-cloudwatch/1.101.0:
    dependencies:
      '@aws-cdk/aws-iam': 1.101.0
      '@aws-cdk/core': 1.101.0
      constructs: 3.3.84
    dev: false
    engines:
      node: '>= 10.13.0 <13 || >=13.7.0'
    resolution:
      integrity: sha512-WPhZfIbA1TrWtpmrePiiIRQ03FlbyEoSZS9l51AFqcVfnWtzWNf61R4pbg/rTpeuu1Zhez4IycUykEM6RhFsAQ==
  /@aws-cdk/aws-codeguruprofiler/1.101.0:
    dependencies:
      '@aws-cdk/aws-iam': 1.101.0
      '@aws-cdk/core': 1.101.0
      constructs: 3.3.84
    dev: false
    engines:
      node: '>= 10.13.0 <13 || >=13.7.0'
    resolution:
      integrity: sha512-IECX7lUC16efa9PEvlVjiGwk8M99Q6IT3NXHgp7htXXAv07dE8pjsLDcok3j0wY21dDqgamqqjboP0mXQuCqiw==
  /@aws-cdk/aws-ec2/1.101.0:
    dependencies:
      '@aws-cdk/aws-cloudwatch': 1.101.0
      '@aws-cdk/aws-iam': 1.101.0
      '@aws-cdk/aws-kms': 1.101.0
      '@aws-cdk/aws-logs': 1.101.0
      '@aws-cdk/aws-s3': 1.101.0
      '@aws-cdk/aws-s3-assets': 1.101.0
      '@aws-cdk/aws-ssm': 1.101.0
      '@aws-cdk/cloud-assembly-schema': 1.101.0
      '@aws-cdk/core': 1.101.0
      '@aws-cdk/cx-api': 1.101.0
      '@aws-cdk/region-info': 1.101.0
      constructs: 3.3.84
    dev: false
    engines:
      node: '>= 10.13.0 <13 || >=13.7.0'
    resolution:
      integrity: sha512-Cq+Re8xU9TZQTMNZKGF4pEky6IujgjirfEH0bF1+j/YnvQ06Q/rYhLnRnq1PErj1omrReh4RKKKnQoa2cp4L6w==
  /@aws-cdk/aws-ecr-assets/1.101.0:
    bundledDependencies:
      - minimatch
    dependencies:
      '@aws-cdk/assets': 1.101.0
      '@aws-cdk/aws-ecr': 1.101.0
      '@aws-cdk/aws-iam': 1.101.0
      '@aws-cdk/aws-s3': 1.101.0
      '@aws-cdk/core': 1.101.0
      '@aws-cdk/cx-api': 1.101.0
      constructs: 3.3.84
    dev: false
    engines:
      node: '>= 10.13.0 <13 || >=13.7.0'
    resolution:
      integrity: sha512-MwdJK4qjn/pZJX9utjJNg5/8zFss7jwQwmTeBHHv5JEETA3V3C4UkjLEiAEbA7cLB3fX8rFU5kGO7wJOQ02ohw==
  /@aws-cdk/aws-ecr/1.101.0:
    dependencies:
      '@aws-cdk/aws-events': 1.101.0
      '@aws-cdk/aws-iam': 1.101.0
      '@aws-cdk/core': 1.101.0
      constructs: 3.3.84
    dev: false
    engines:
      node: '>= 10.13.0 <13 || >=13.7.0'
    resolution:
      integrity: sha512-K0UhY7c9eEMnMpbjZ7QnAGk5urrL1/DLSJ0R8FbkX+RONfUe9Dxt8n3dDlQiwow4MXi84m82b6FcJz83Hcuu9w==
  /@aws-cdk/aws-efs/1.101.0:
    dependencies:
      '@aws-cdk/aws-ec2': 1.101.0
      '@aws-cdk/aws-kms': 1.101.0
      '@aws-cdk/cloud-assembly-schema': 1.101.0
      '@aws-cdk/core': 1.101.0
      '@aws-cdk/cx-api': 1.101.0
      constructs: 3.3.84
    dev: false
    engines:
      node: '>= 10.13.0 <13 || >=13.7.0'
    resolution:
      integrity: sha512-S3+EJT9l6CF+UwHoXz+XnMC/EeQqbeXeSbSNoU4Qu2tueXmHXmMsGv3YAhNU1IhvrnIFTE0YbhG7y3AlR+MncA==
  /@aws-cdk/aws-events/1.101.0:
    dependencies:
      '@aws-cdk/aws-iam': 1.101.0
      '@aws-cdk/core': 1.101.0
      constructs: 3.3.84
    dev: false
    engines:
      node: '>= 10.13.0 <13 || >=13.7.0'
    resolution:
      integrity: sha512-igFXiL4TdOUYEo79WSmyT4Z0ALBMtZF1SQ692UvFwm0ocYzIwUt2FkCt4QLOsdwW28VhokR5VG8soV4c1j+OmQ==
  /@aws-cdk/aws-iam/1.101.0:
    dependencies:
      '@aws-cdk/core': 1.101.0
      '@aws-cdk/region-info': 1.101.0
      constructs: 3.3.84
    dev: false
    engines:
      node: '>= 10.13.0 <13 || >=13.7.0'
    resolution:
      integrity: sha512-jQ2cDLGe44zOkZNW2q3SNd/rMsAurceLokQgiQCks1aC/dlZIhOep8LOqe6kLXb2IZ04d7682fYFTfeUKlGeUQ==
  /@aws-cdk/aws-kms/1.101.0:
    dependencies:
      '@aws-cdk/aws-iam': 1.101.0
      '@aws-cdk/core': 1.101.0
      '@aws-cdk/cx-api': 1.101.0
      constructs: 3.3.84
    dev: false
    engines:
      node: '>= 10.13.0 <13 || >=13.7.0'
    resolution:
      integrity: sha512-gU3/6nIRDKpZ9AmCl7J1qaGUtueuj/J7aAsXL04t2p39A5GnkLhkdQT4iaa2q8s06ZfTIJJerBsMks7t9lZDlQ==
  /@aws-cdk/aws-lambda-nodejs/1.101.0:
    dependencies:
      '@aws-cdk/aws-lambda': 1.101.0
      '@aws-cdk/core': 1.101.0
      constructs: 3.3.84
    dev: false
    engines:
      node: '>= 10.13.0 <13 || >=13.7.0'
    resolution:
      integrity: sha512-pK51R6/0Mc6v5u783Jlj66n3hStRO2MNd5qToTb5J3UDhCJvFioLqhT0mWMjNzaAY/YTv16UiPGaUslhj4GQ/g==
  /@aws-cdk/aws-lambda/1.101.0:
    dependencies:
      '@aws-cdk/aws-applicationautoscaling': 1.101.0
      '@aws-cdk/aws-cloudwatch': 1.101.0
      '@aws-cdk/aws-codeguruprofiler': 1.101.0
      '@aws-cdk/aws-ec2': 1.101.0
      '@aws-cdk/aws-ecr': 1.101.0
      '@aws-cdk/aws-ecr-assets': 1.101.0
      '@aws-cdk/aws-efs': 1.101.0
      '@aws-cdk/aws-events': 1.101.0
      '@aws-cdk/aws-iam': 1.101.0
      '@aws-cdk/aws-kms': 1.101.0
      '@aws-cdk/aws-logs': 1.101.0
      '@aws-cdk/aws-s3': 1.101.0
      '@aws-cdk/aws-s3-assets': 1.101.0
      '@aws-cdk/aws-signer': 1.101.0
      '@aws-cdk/aws-sqs': 1.101.0
      '@aws-cdk/core': 1.101.0
      '@aws-cdk/cx-api': 1.101.0
      constructs: 3.3.84
    dev: false
    engines:
      node: '>= 10.13.0 <13 || >=13.7.0'
    resolution:
      integrity: sha512-Yxy0RP0kmcSv6ZqUVzATnmyDPyylL074BYmL+UD1JzATvofL+s1KepB6+lO5CKQ7NHXwlmsbj4cEot+XnHoxbw==
  /@aws-cdk/aws-logs/1.101.0:
    dependencies:
      '@aws-cdk/aws-cloudwatch': 1.101.0
      '@aws-cdk/aws-iam': 1.101.0
      '@aws-cdk/aws-kms': 1.101.0
      '@aws-cdk/aws-s3-assets': 1.101.0
      '@aws-cdk/core': 1.101.0
      constructs: 3.3.84
    dev: false
    engines:
      node: '>= 10.13.0 <13 || >=13.7.0'
    resolution:
      integrity: sha512-3sfIjyQgC8WTcRX7vvmnnzOBCa0XBGHGzITUxD/P1JL5Mv9Iiv1IxoF2sqM770azYPthBKperorm0c0Sgs7BUQ==
  /@aws-cdk/aws-s3-assets/1.101.0:
    dependencies:
      '@aws-cdk/assets': 1.101.0
      '@aws-cdk/aws-iam': 1.101.0
      '@aws-cdk/aws-kms': 1.101.0
      '@aws-cdk/aws-s3': 1.101.0
      '@aws-cdk/core': 1.101.0
      '@aws-cdk/cx-api': 1.101.0
      constructs: 3.3.84
    dev: false
    engines:
      node: '>= 10.13.0 <13 || >=13.7.0'
    resolution:
      integrity: sha512-Xj0OT8omk0SprCqRQfGJTxl10IuO0E28l73taG4K3kP35FzYtkLa+01RLVloQZL7DLwoHVxfwCf5m2ealqCA8Q==
  /@aws-cdk/aws-s3/1.101.0:
    dependencies:
      '@aws-cdk/aws-events': 1.101.0
      '@aws-cdk/aws-iam': 1.101.0
      '@aws-cdk/aws-kms': 1.101.0
      '@aws-cdk/core': 1.101.0
      '@aws-cdk/cx-api': 1.101.0
      constructs: 3.3.84
    dev: false
    engines:
      node: '>= 10.13.0 <13 || >=13.7.0'
    resolution:
      integrity: sha512-SFAVEDPiuZGijliePljlaLrVgQWfZrMdmEj421AlkOTgheepgcN76qAxVwM0BX1l1y5q2A8tHjTRHdG71xCYvQ==
  /@aws-cdk/aws-signer/1.101.0:
    dependencies:
      '@aws-cdk/core': 1.101.0
      constructs: 3.3.84
    dev: false
    engines:
      node: '>= 10.13.0 <13 || >=13.7.0'
    resolution:
      integrity: sha512-P7Oqbugk97pWpGUHAHiWRvdkI1IY8C/IY0wnruiHOF1z05bJB29Z9Pb9ptdqwIgp71/FuEvVzscSjGuuI6fgZQ==
  /@aws-cdk/aws-sqs/1.101.0:
    dependencies:
      '@aws-cdk/aws-cloudwatch': 1.101.0
      '@aws-cdk/aws-iam': 1.101.0
      '@aws-cdk/aws-kms': 1.101.0
      '@aws-cdk/core': 1.101.0
      constructs: 3.3.84
    dev: false
    engines:
      node: '>= 10.13.0 <13 || >=13.7.0'
    resolution:
      integrity: sha512-jO1u1pqJEewauOzqraSgeaTc3MFcz+AdHds3eXKDDkulCyVcugjPx1uQ4Chb7rB602D+nw6SqMTPrWXC/9+M9A==
  /@aws-cdk/aws-ssm/1.101.0:
    dependencies:
      '@aws-cdk/aws-iam': 1.101.0
      '@aws-cdk/aws-kms': 1.101.0
      '@aws-cdk/cloud-assembly-schema': 1.101.0
      '@aws-cdk/core': 1.101.0
      constructs: 3.3.84
    dev: false
    engines:
      node: '>= 10.13.0 <13 || >=13.7.0'
    resolution:
      integrity: sha512-383502N9/UHa/jJpbtIIIbI29thDkK835wSZjP2WTMEGhVCuewxUTMZ0NMsQbvzYxc8eJ/mGfYObdhqsStxsVQ==
  /@aws-cdk/cloud-assembly-schema/1.101.0:
    bundledDependencies:
      - jsonschema
      - semver
    dev: false
    engines:
      node: '>= 10.13.0 <13 || >=13.7.0'
    resolution:
      integrity: sha512-oJWLiHM5uDEkgfjvbeMLT8Y6ZDNB0K2TCxqd/amnzzWtUuPccCAQlSw+gQTUmkha8DYxENGIiJus0gtp+Y4mrg==
  /@aws-cdk/core/1.101.0:
    bundledDependencies:
      - fs-extra
      - minimatch
      - '@balena/dockerignore'
      - ignore
    dependencies:
      '@aws-cdk/cloud-assembly-schema': 1.101.0
      '@aws-cdk/cx-api': 1.101.0
      '@aws-cdk/region-info': 1.101.0
      constructs: 3.3.84
    dev: false
    engines:
      node: '>= 10.13.0 <13 || >=13.7.0'
    resolution:
      integrity: sha512-Zx/Nr8c2t238uXqX7LZvA+0Rk0cH+cn7+hLKZmJe7fGcDzW5+iPgWI9HEWmILlzLim3VEkNsHhklxiNXIU948w==
  /@aws-cdk/cx-api/1.101.0:
    bundledDependencies:
      - semver
    dependencies:
      '@aws-cdk/cloud-assembly-schema': 1.101.0
    dev: false
    engines:
      node: '>= 10.13.0 <13 || >=13.7.0'
    resolution:
      integrity: sha512-NyEfN1N/oTwel6Y0A9fmZFY47PPtr1hJteksXc3W42pfkSFloNa+tXNX23/Cu5XAhO6+MgmPUpqHgiJF2M8Nlg==
  /@aws-cdk/region-info/1.101.0:
    dev: false
    engines:
      node: '>= 10.13.0 <13 || >=13.7.0'
    resolution:
      integrity: sha512-7FpuwCSkEGSr9KbfAgBa0BQc6E3HXuOI4Kc68gQwF5x2z6j0Z7zr4e+SIbYazX7TfKXNCmp8jWHsc6Q63fo6Cg==
  /argparse/2.0.1:
    dev: false
    resolution:
      integrity: sha512-8+9WqebbFzpX9OR+Wa6O29asIogeRMzcGtAINdpMHHyAg10f05aSFVBbcEqGf/PXw1EjAZ+q2/bEBg3DvurK3Q==
  /aws-cloudformation-custom-resource/3.0.0:
    dev: false
    resolution:
      integrity: sha512-AxSCIAzEFshYfKt1ngOAoaTSsX5KPz6PY8UBnsWjO6sYCN6DiU2j8zFPDz4FbWW353h9nZLqfTh/KAaOSiIsBg==
  /constructs/3.3.84:
    dev: false
    engines:
      node: '>= 10.17.0'
    resolution:
      integrity: sha512-SrOydJPzUpgUVb+qhocVUdhhZpve8FRfEP5iEPnt3gpnPU5FEC22Gn40qwyii/vhb2qSmr0zskYVdx9UuFaFug==
  /esbuild/0.12.9:
    dev: true
    hasBin: true
    requiresBuild: true
    resolution:
      integrity: sha512-MWRhAbMOJ9RJygCrt778rz/qNYgA4ZVj6aXnNPxFjs7PmIpb0fuB9Gmg5uWrr6n++XKwwm/RmSz6RR5JL2Ocsw==
  /js-yaml/4.1.0:
    dependencies:
      argparse: 2.0.1
    dev: false
    hasBin: true
    resolution:
      integrity: sha512-wpxZs9NoxZaJESJGIZTyDEaYpl0FKSA+FB9aJiyemKhMwkxQg63h4T1KJgUGHpTqPDNRcmmYLugrRjJlBtWvRA==
specifiers:
  '@aws-cdk/aws-lambda-nodejs': 1.101.0
  aws-cloudformation-custom-resource: ^3.0.0
  esbuild: ^0.12.0
  js-yaml: ^4.1.0
