lockfileVersion: 5.3

specifiers:
  '@aws-cdk/aws-lambda-nodejs': 1.106.1
  aws-cloudformation-custom-resource: ^3.0.0
  esbuild: ^0.12.0
  js-yaml: ^4.1.0

dependencies:
  '@aws-cdk/aws-lambda-nodejs': 1.106.1
  aws-cloudformation-custom-resource: 3.0.0
  js-yaml: 4.1.0

devDependencies:
  esbuild: 0.12.14

packages:

  /@aws-cdk/assets/1.106.1:
    resolution: {integrity: sha512-ZA0/bklj0Nen+7YWU0iDtPeXjObbhPsUfcc2QEPjZjQVlQ99DyOdHIZUs/BY+06U9J1OQYEH1KMB6QfydUxk/w==}
    engines: {node: '>= 10.13.0 <13 || >=13.7.0'}
    dependencies:
      '@aws-cdk/core': 1.106.1
      '@aws-cdk/cx-api': 1.106.1
      constructs: 3.3.94
    dev: false

  /@aws-cdk/aws-applicationautoscaling/1.106.1:
    resolution: {integrity: sha512-XqgknjzYL33m+iZP5VLEBFEX6C7aN0uL9kT08fmmo9vYT1A4og69vvfekUc3g+0nS1prDe5RYGhh9SkqXN6w/g==}
    engines: {node: '>= 10.13.0 <13 || >=13.7.0'}
    dependencies:
      '@aws-cdk/aws-autoscaling-common': 1.106.1
      '@aws-cdk/aws-cloudwatch': 1.106.1
      '@aws-cdk/aws-iam': 1.106.1
      '@aws-cdk/core': 1.106.1
      constructs: 3.3.94
    dev: false

  /@aws-cdk/aws-autoscaling-common/1.106.1:
    resolution: {integrity: sha512-Al5TRY4XQHnddAydTTQbrru2FoA1JOXnSyOvQcojFfbFPg5tzi/+qgOGHAEzo+uLf0ZWK29p6Vc4ow761klZHg==}
    engines: {node: '>= 10.13.0 <13 || >=13.7.0'}
    dependencies:
      '@aws-cdk/aws-iam': 1.106.1
      '@aws-cdk/core': 1.106.1
      constructs: 3.3.94
    dev: false

  /@aws-cdk/aws-cloudwatch/1.106.1:
    resolution: {integrity: sha512-IhFzRdK3MHgNuaDMu0Afbjef1dPJdpvVf+RF+qS1wvWG42z/jP1noC89l+oNModyxtiSZPpooFOQi5u0J9er0g==}
    engines: {node: '>= 10.13.0 <13 || >=13.7.0'}
    dependencies:
      '@aws-cdk/aws-iam': 1.106.1
      '@aws-cdk/core': 1.106.1
      constructs: 3.3.94
    dev: false

  /@aws-cdk/aws-codeguruprofiler/1.106.1:
    resolution: {integrity: sha512-ermDayuSXtJNQkxaIq3jx1BvS5lk2uPFtDfHaw79oM+jx0n7qSs25HkufvoLYhcCW1BIUgdo8ahSOv8PvUDuBA==}
    engines: {node: '>= 10.13.0 <13 || >=13.7.0'}
    dependencies:
      '@aws-cdk/aws-iam': 1.106.1
      '@aws-cdk/core': 1.106.1
      constructs: 3.3.94
    dev: false

  /@aws-cdk/aws-ec2/1.106.1:
    resolution: {integrity: sha512-OKtzinXD3UNrgCgmIsNiWy6soLLR7q9Ez3QoNKh+OSOiyRUcdyt8VsG0ucFoZnV63aCTcT1ooofmytKab7ArJQ==}
    engines: {node: '>= 10.13.0 <13 || >=13.7.0'}
    dependencies:
      '@aws-cdk/aws-cloudwatch': 1.106.1
      '@aws-cdk/aws-iam': 1.106.1
      '@aws-cdk/aws-kms': 1.106.1
      '@aws-cdk/aws-logs': 1.106.1
      '@aws-cdk/aws-s3': 1.106.1
      '@aws-cdk/aws-s3-assets': 1.106.1
      '@aws-cdk/aws-ssm': 1.106.1
      '@aws-cdk/cloud-assembly-schema': 1.106.1
      '@aws-cdk/core': 1.106.1
      '@aws-cdk/cx-api': 1.106.1
      '@aws-cdk/region-info': 1.106.1
      constructs: 3.3.94
    dev: false

  /@aws-cdk/aws-ecr-assets/1.106.1:
    resolution: {integrity: sha512-y4rmybH+HkWkeaoIhGNRJ6ya+RObaQk3XjMmJMytYcZzaepobmpTVdTfYOog0+RB/ZgSPkjdwxbjYmVjRLWflw==}
    engines: {node: '>= 10.13.0 <13 || >=13.7.0'}
    dependencies:
      '@aws-cdk/assets': 1.106.1
      '@aws-cdk/aws-ecr': 1.106.1
      '@aws-cdk/aws-iam': 1.106.1
      '@aws-cdk/aws-s3': 1.106.1
      '@aws-cdk/core': 1.106.1
      '@aws-cdk/cx-api': 1.106.1
      constructs: 3.3.94
      minimatch: 3.0.4
    dev: false
    bundledDependencies:
      - minimatch

  /@aws-cdk/aws-ecr/1.106.1:
    resolution: {integrity: sha512-k1EHFdeli6JDyRbGOqRAU5kdjzgvGKrPEn2KTQir0KZnauQwQemIBvJEqpnJqMbuPaVWNOCH1yEV9r1Xa19o0g==}
    engines: {node: '>= 10.13.0 <13 || >=13.7.0'}
    dependencies:
      '@aws-cdk/aws-events': 1.106.1
      '@aws-cdk/aws-iam': 1.106.1
      '@aws-cdk/core': 1.106.1
      constructs: 3.3.94
    dev: false

  /@aws-cdk/aws-efs/1.106.1:
    resolution: {integrity: sha512-oX24dww3hMkDDxbiNwmbIyHgRdgDII5WfuLUxTCyin4KlwvN/0+MkoyfrzNFmKOSS906vzAMHO17QCcv13W0Xw==}
    engines: {node: '>= 10.13.0 <13 || >=13.7.0'}
    dependencies:
      '@aws-cdk/aws-ec2': 1.106.1
      '@aws-cdk/aws-kms': 1.106.1
      '@aws-cdk/cloud-assembly-schema': 1.106.1
      '@aws-cdk/core': 1.106.1
      '@aws-cdk/cx-api': 1.106.1
      constructs: 3.3.94
    dev: false

  /@aws-cdk/aws-events/1.106.1:
    resolution: {integrity: sha512-3tuETiN5VcQvP9eznP9Q+VbbZwf+8rcH04qxIDssT+JaHC9Q7/lkbEKso/ok4pWd9fZ0dTziUrH/FjSr6xVFww==}
    engines: {node: '>= 10.13.0 <13 || >=13.7.0'}
    dependencies:
      '@aws-cdk/aws-iam': 1.106.1
      '@aws-cdk/core': 1.106.1
      constructs: 3.3.94
    dev: false

  /@aws-cdk/aws-iam/1.106.1:
    resolution: {integrity: sha512-eM+XDBJeQe/Ve4l0qq7hde9B5jye6NEEQaQDeqfYusZmIg77j8Va2mYFcahJWJbnFtRjutVVvJyBtYLMyJRgEQ==}
    engines: {node: '>= 10.13.0 <13 || >=13.7.0'}
    dependencies:
      '@aws-cdk/core': 1.106.1
      '@aws-cdk/region-info': 1.106.1
      constructs: 3.3.94
    dev: false

  /@aws-cdk/aws-kms/1.106.1:
    resolution: {integrity: sha512-qTN6ywmYAgT1k7GCnZUbpLyazSezqtPOdJM4wrJfUHlONZ/VlxVoLYghrdDWsPpChz0DNJNBHaiDDMzotzZaqA==}
    engines: {node: '>= 10.13.0 <13 || >=13.7.0'}
    dependencies:
      '@aws-cdk/aws-iam': 1.106.1
      '@aws-cdk/core': 1.106.1
      '@aws-cdk/cx-api': 1.106.1
      constructs: 3.3.94
    dev: false

  /@aws-cdk/aws-lambda-nodejs/1.106.1:
    resolution: {integrity: sha512-2mHHeZ8oDWRYx7ViU+gy9HzpOcT57ZCTdf9QHBP+4WQJCLfcDx6H8ONjv4OBEfFz7OIt9tBys/FhNB1GaxCENg==}
    engines: {node: '>= 10.13.0 <13 || >=13.7.0'}
    dependencies:
      '@aws-cdk/aws-lambda': 1.106.1
      '@aws-cdk/core': 1.106.1
      constructs: 3.3.94
    dev: false

  /@aws-cdk/aws-lambda/1.106.1:
    resolution: {integrity: sha512-PcX9wilbFiTfpLEacrmOuhn2r0FizueOdhHoyuUSrVmsuJY8xwjHcG3ais2lOkWDWzsEjDtXGzOHJPbk6KmGRw==}
    engines: {node: '>= 10.13.0 <13 || >=13.7.0'}
    dependencies:
      '@aws-cdk/aws-applicationautoscaling': 1.106.1
      '@aws-cdk/aws-cloudwatch': 1.106.1
      '@aws-cdk/aws-codeguruprofiler': 1.106.1
      '@aws-cdk/aws-ec2': 1.106.1
      '@aws-cdk/aws-ecr': 1.106.1
      '@aws-cdk/aws-ecr-assets': 1.106.1
      '@aws-cdk/aws-efs': 1.106.1
      '@aws-cdk/aws-events': 1.106.1
      '@aws-cdk/aws-iam': 1.106.1
      '@aws-cdk/aws-kms': 1.106.1
      '@aws-cdk/aws-logs': 1.106.1
      '@aws-cdk/aws-s3': 1.106.1
      '@aws-cdk/aws-s3-assets': 1.106.1
      '@aws-cdk/aws-signer': 1.106.1
      '@aws-cdk/aws-sqs': 1.106.1
      '@aws-cdk/core': 1.106.1
      '@aws-cdk/cx-api': 1.106.1
      constructs: 3.3.94
    dev: false

  /@aws-cdk/aws-logs/1.106.1:
    resolution: {integrity: sha512-/i2bg0Dx9T9nR52p6fmV+iJJY46Vb0hTwrQSwIY6Xav8+JAphuvsTz/9JVNj9zxVp0zjLgGetI11N6wux3aIrQ==}
    engines: {node: '>= 10.13.0 <13 || >=13.7.0'}
    dependencies:
      '@aws-cdk/aws-cloudwatch': 1.106.1
      '@aws-cdk/aws-iam': 1.106.1
      '@aws-cdk/aws-kms': 1.106.1
      '@aws-cdk/aws-s3-assets': 1.106.1
      '@aws-cdk/core': 1.106.1
      constructs: 3.3.94
    dev: false

  /@aws-cdk/aws-s3-assets/1.106.1:
    resolution: {integrity: sha512-zG3vuAi+t0ix4QwnPEdOdKx0AAPSnoU6iz1eay6clyzo2Gwj4k5FGC6vz9kQqOs23IhN6tmewkDQUuybWKeaaA==}
    engines: {node: '>= 10.13.0 <13 || >=13.7.0'}
    dependencies:
      '@aws-cdk/assets': 1.106.1
      '@aws-cdk/aws-iam': 1.106.1
      '@aws-cdk/aws-kms': 1.106.1
      '@aws-cdk/aws-s3': 1.106.1
      '@aws-cdk/core': 1.106.1
      '@aws-cdk/cx-api': 1.106.1
      constructs: 3.3.94
    dev: false

  /@aws-cdk/aws-s3/1.106.1:
    resolution: {integrity: sha512-q3n6/MZDQ0i+MT+8esgEHskGxAOQJ0ERGTyNb5zAmBosHw5HsvXIJ6PhilTovAVU8tFfdRDDnMfDLg281nn94g==}
    engines: {node: '>= 10.13.0 <13 || >=13.7.0'}
    dependencies:
      '@aws-cdk/aws-events': 1.106.1
      '@aws-cdk/aws-iam': 1.106.1
      '@aws-cdk/aws-kms': 1.106.1
      '@aws-cdk/core': 1.106.1
      '@aws-cdk/cx-api': 1.106.1
      constructs: 3.3.94
    dev: false

  /@aws-cdk/aws-signer/1.106.1:
    resolution: {integrity: sha512-B4IMODM+nhceFHn1qAtyfyUaR4xtNMZKBRNhWX2PcXUBAnmtSc1W048s8vWWBE7vQOrJzpytrnUIvo/cf7d1Lw==}
    engines: {node: '>= 10.13.0 <13 || >=13.7.0'}
    dependencies:
      '@aws-cdk/core': 1.106.1
      constructs: 3.3.94
    dev: false

  /@aws-cdk/aws-sqs/1.106.1:
    resolution: {integrity: sha512-g0zSF+8OF1tiTpjBupbS6FvRV/X+jzGnFG9X7Pb/e9VV2fQqRELW/HM/4nwsEKW6oLvw86U2VQNO+xVTiiiVgA==}
    engines: {node: '>= 10.13.0 <13 || >=13.7.0'}
    dependencies:
      '@aws-cdk/aws-cloudwatch': 1.106.1
      '@aws-cdk/aws-iam': 1.106.1
      '@aws-cdk/aws-kms': 1.106.1
      '@aws-cdk/core': 1.106.1
      constructs: 3.3.94
    dev: false

  /@aws-cdk/aws-ssm/1.106.1:
    resolution: {integrity: sha512-THoILSxTpqx0vrrf/+rxtD4s4ijUAfhG1h/IbLG/dSPW3VSrJzo39YfAs6ynCjPJIp0YZHBrnTAtGstv37lCKg==}
    engines: {node: '>= 10.13.0 <13 || >=13.7.0'}
    dependencies:
      '@aws-cdk/aws-iam': 1.106.1
      '@aws-cdk/aws-kms': 1.106.1
      '@aws-cdk/cloud-assembly-schema': 1.106.1
      '@aws-cdk/core': 1.106.1
      constructs: 3.3.94
    dev: false

  /@aws-cdk/cloud-assembly-schema/1.106.1:
    resolution: {integrity: sha512-/pSZyQWVNlP/hWQ8HlEo07mUUPT2VrjhHFjHMgzJ7VORJ/bMDVjCjCKJQHRLlZmo9Ys43CrqeyeNNnlK2kqj4A==}
    engines: {node: '>= 10.13.0 <13 || >=13.7.0'}
    dependencies:
      jsonschema: 1.4.0
      semver: 7.3.5
    dev: false
    bundledDependencies:
      - jsonschema
      - semver

  /@aws-cdk/core/1.106.1:
    resolution: {integrity: sha512-DX7dwe3GCFWpvQRqt0JQK93+XkQSrwWHs+5u416aQCWyADeLONhLBNO6DRdZeevzcKD4TUeHr/7rCxfUHTu85A==}
    engines: {node: '>= 10.13.0 <13 || >=13.7.0'}
    dependencies:
      '@aws-cdk/cloud-assembly-schema': 1.106.1
      '@aws-cdk/cx-api': 1.106.1
      '@aws-cdk/region-info': 1.106.1
      '@balena/dockerignore': 1.0.2
      constructs: 3.3.94
      fs-extra: 9.1.0
      ignore: 5.1.8
      minimatch: 3.0.4
    dev: false
    bundledDependencies:
      - fs-extra
      - minimatch
      - '@balena/dockerignore'
      - ignore

  /@aws-cdk/cx-api/1.106.1:
    resolution: {integrity: sha512-OFT1kHLatBfVObgZVuCj1U6OjEUyddpFhRX+Uw7mG2eDozp+YvRJUO9zNhoLaMcJLFHaP9yVgRioT5cV9R1KZQ==}
    engines: {node: '>= 10.13.0 <13 || >=13.7.0'}
    dependencies:
      '@aws-cdk/cloud-assembly-schema': 1.106.1
      semver: 7.3.5
    dev: false
    bundledDependencies:
      - semver

  /@aws-cdk/region-info/1.106.1:
    resolution: {integrity: sha512-9mnVSqYPnqf2wBQx3nZaBh1pnK29khFi87pNjQFkN7LmK/O9rVlx4syulknBtxLJusB0TDuvY3r5PUuUJ6kFjw==}
    engines: {node: '>= 10.13.0 <13 || >=13.7.0'}
    dev: false

  /@balena/dockerignore/1.0.2:
    resolution: {integrity: sha512-wMue2Sy4GAVTk6Ic4tJVcnfdau+gx2EnG7S+uAEe+TWJFqE4YoWN4/H8MSLj4eYJKxGg26lZwboEniNiNwZQ6Q==}
    dev: false

  /argparse/2.0.1:
    resolution: {integrity: sha512-8+9WqebbFzpX9OR+Wa6O29asIogeRMzcGtAINdpMHHyAg10f05aSFVBbcEqGf/PXw1EjAZ+q2/bEBg3DvurK3Q==}
    dev: false

  /at-least-node/1.0.0:
    resolution: {integrity: sha512-+q/t7Ekv1EDY2l6Gda6LLiX14rU9TV20Wa3ofeQmwPFZbOMo9DXrLbOjFaaclkXKWidIaopwAObQDqwWtGUjqg==}
    engines: {node: '>= 4.0.0'}
    dev: false

  /aws-cloudformation-custom-resource/3.0.0:
    resolution: {integrity: sha512-AxSCIAzEFshYfKt1ngOAoaTSsX5KPz6PY8UBnsWjO6sYCN6DiU2j8zFPDz4FbWW353h9nZLqfTh/KAaOSiIsBg==}
    dev: false

  /balanced-match/1.0.2:
    resolution: {integrity: sha512-3oSeUO0TMV67hN1AmbXsK4yaqU7tjiHlbxRDZOpH0KW9+CeX4bRAaX0Anxt0tx2MrpRpWwQaPwIlISEJhYU5Pw==}
    dev: false

  /brace-expansion/1.1.11:
    resolution: {integrity: sha512-iCuPHDFgrHX7H2vEI/5xpz07zSHB00TpugqhmYtVmMO6518mCuRMoOYFldEBl0g187ufozdaHgWKcYFb61qGiA==}
    dependencies:
      balanced-match: 1.0.2
      concat-map: 0.0.1
    dev: false

  /concat-map/0.0.1:
    resolution: {integrity: sha1-2Klr13/Wjfd5OnMDajug1UBdR3s=}
    dev: false

  /constructs/3.3.94:
    resolution: {integrity: sha512-P2Sfaa+CHt6lVlIdSry4hj1cQsg71J7eXJm9zyPpZNi/FDeHu/vcOmon84v8effvBoF5e7ef2tfVCwwMXcu9Jw==}
    engines: {node: '>= 10.17.0'}
    dev: false
    bundledDependencies: []

  /esbuild/0.12.14:
    resolution: {integrity: sha512-z8p+6FGiplR7a3pPonXREbm+8IeXjBGvDpVidZmGB/AJMsJSfGCU+n7KOMCazA9AwvagadRWBhiKorC0w9WJvw==}
    hasBin: true
    requiresBuild: true
    dev: true

  /fs-extra/9.1.0:
    resolution: {integrity: sha512-hcg3ZmepS30/7BSFqRvoo3DOMQu7IjqxO5nCDt+zM9XWjb33Wg7ziNT+Qvqbuc3+gWpzO02JubVyk2G4Zvo1OQ==}
    engines: {node: '>=10'}
    dependencies:
      at-least-node: 1.0.0
      graceful-fs: 4.2.6
      jsonfile: 6.1.0
      universalify: 2.0.0
    dev: false

  /graceful-fs/4.2.6:
    resolution: {integrity: sha512-nTnJ528pbqxYanhpDYsi4Rd8MAeaBA67+RZ10CM1m3bTAVFEDcd5AuA4a6W5YkGZ1iNXHzZz8T6TBKLeBuNriQ==}
    dev: false

  /ignore/5.1.8:
    resolution: {integrity: sha512-BMpfD7PpiETpBl/A6S498BaIJ6Y/ABT93ETbby2fP00v4EbvPBXWEoaR1UBPKs3iR53pJY7EtZk5KACI57i1Uw==}
    engines: {node: '>= 4'}
    dev: false

  /js-yaml/4.1.0:
    resolution: {integrity: sha512-wpxZs9NoxZaJESJGIZTyDEaYpl0FKSA+FB9aJiyemKhMwkxQg63h4T1KJgUGHpTqPDNRcmmYLugrRjJlBtWvRA==}
    hasBin: true
    dependencies:
      argparse: 2.0.1
    dev: false

  /jsonfile/6.1.0:
    resolution: {integrity: sha512-5dgndWOriYSm5cnYaJNhalLNDKOqFwyDB/rr1E9ZsGciGvKPs8R2xYGCacuf3z6K1YKDz182fd+fY3cn3pMqXQ==}
    dependencies:
      universalify: 2.0.0
    optionalDependencies:
      graceful-fs: 4.2.6
    dev: false

  /jsonschema/1.4.0:
    resolution: {integrity: sha512-/YgW6pRMr6M7C+4o8kS+B/2myEpHCrxO4PEWnqJNBFMjn7EWXqlQ4tGwL6xTHeRplwuZmcAncdvfOad1nT2yMw==}
    dev: false

  /lru-cache/6.0.0:
    resolution: {integrity: sha512-Jo6dJ04CmSjuznwJSS3pUeWmd/H0ffTlkXXgwZi+eq1UCmqQwCh+eLsYOYCwY991i2Fah4h1BEMCx4qThGbsiA==}
    engines: {node: '>=10'}
    dependencies:
      yallist: 4.0.0
    dev: false

  /minimatch/3.0.4:
    resolution: {integrity: sha512-yJHVQEhyqPLUTgt9B83PXu6W3rx4MvvHvSUvToogpwoGDOUQ+yDrR0HRot+yOCdCO7u4hX3pWft6kWBBcqh0UA==}
    dependencies:
      brace-expansion: 1.1.11
    dev: false

  /semver/7.3.5:
    resolution: {integrity: sha512-PoeGJYh8HK4BTO/a9Tf6ZG3veo/A7ZVsYrSA6J8ny9nb3B1VrpkuN+z9OE5wfE5p6H4LchYZsegiQgbJD94ZFQ==}
    engines: {node: '>=10'}
    hasBin: true
    dependencies:
      lru-cache: 6.0.0
    dev: false

  /universalify/2.0.0:
    resolution: {integrity: sha512-hAZsKq7Yy11Zu1DE0OzWjw7nnLZmJZYTDZZyEFHZdUhV8FkH5MCfoU1XMaxXovpyW5nq5scPqq0ZDP9Zyl04oQ==}
    engines: {node: '>= 10.0.0'}
    dev: false

  /yallist/4.0.0:
    resolution: {integrity: sha512-3wdGidZyq5PB084XLES5TpOSRA3wjXAlIWMhum2kRcv/41Sn2emQ0dycQW4uZXLejwKvg6EsvbdlVL+FYEct7A==}
    dev: false
