lockfileVersion: 5.3

specifiers:
  '@aws-cdk/aws-lambda-nodejs': 1.116.0
  aws-cloudformation-custom-resource: ^3.0.0
  esbuild: ^0.12.0
  js-yaml: ^4.1.0

dependencies:
  '@aws-cdk/aws-lambda-nodejs': 1.116.0
  aws-cloudformation-custom-resource: 3.0.0
  js-yaml: 4.1.0

devDependencies:
  esbuild: 0.12.14

packages:

  /@aws-cdk/assets/1.116.0:
    resolution: {integrity: sha512-i78Yxt6Om5XeYzZrFpR0jKvMnJQoSWfc5PXO71WEmxfg8nzOvgW2gEsN6QX60yOnHenVb8LwpqAts7G2zpOaSg==}
    engines: {node: '>= 10.13.0 <13 || >=13.7.0'}
    dependencies:
      '@aws-cdk/core': 1.116.0
      '@aws-cdk/cx-api': 1.116.0
      constructs: 3.3.120
    dev: false

  /@aws-cdk/aws-applicationautoscaling/1.116.0:
    resolution: {integrity: sha512-ST9+mMDc7GpVfSV49qS/swKxY2lYe4TFjV3iSpowT16YbHu7LV8/+2sAz64fcfwa1fTrJBDKYnNuL7FrIiPEjg==}
    engines: {node: '>= 10.13.0 <13 || >=13.7.0'}
    dependencies:
      '@aws-cdk/aws-autoscaling-common': 1.116.0
      '@aws-cdk/aws-cloudwatch': 1.116.0
      '@aws-cdk/aws-iam': 1.116.0
      '@aws-cdk/core': 1.116.0
      constructs: 3.3.120
    dev: false

  /@aws-cdk/aws-autoscaling-common/1.116.0:
    resolution: {integrity: sha512-oYguTI0PMs6O9YeVAoHLkWz1Xifp4liOSWOrghtOxjNYSDcS6oBv2dkcqx6OdJAejhI//izLi/fUNPI6myWmBQ==}
    engines: {node: '>= 10.13.0 <13 || >=13.7.0'}
    dependencies:
      '@aws-cdk/aws-iam': 1.116.0
      '@aws-cdk/core': 1.116.0
      constructs: 3.3.120
    dev: false

  /@aws-cdk/aws-cloudwatch/1.116.0:
    resolution: {integrity: sha512-YcTJm7LaIWS8IBu4F7ju5euHhTXjsRt8sckWfqFP22Ihtyy0i3+yKDc36s+V/36q+/V/d3lBRIWDasgcdkkQJQ==}
    engines: {node: '>= 10.13.0 <13 || >=13.7.0'}
    dependencies:
      '@aws-cdk/aws-iam': 1.116.0
      '@aws-cdk/core': 1.116.0
      constructs: 3.3.120
    dev: false

  /@aws-cdk/aws-codeguruprofiler/1.116.0:
    resolution: {integrity: sha512-ngok1p81Pa6ie1tTcoejuKmqF4/U/0Q0S9kl16U+HD4AlrJrRIdJXC1n7/hlcqS3A/j+mjpwhVQWGyMqyFC3Pg==}
    engines: {node: '>= 10.13.0 <13 || >=13.7.0'}
    dependencies:
      '@aws-cdk/aws-iam': 1.116.0
      '@aws-cdk/core': 1.116.0
      constructs: 3.3.120
    dev: false

  /@aws-cdk/aws-ec2/1.116.0:
    resolution: {integrity: sha512-ksvCAVAvO4Qo2nThna0pH5IPHXvCL8t+F0tpYfYs91Rd7K1W2K4ubolANrRNEeoaQi+39F+aJid/6+9DHIVfGw==}
    engines: {node: '>= 10.13.0 <13 || >=13.7.0'}
    dependencies:
      '@aws-cdk/aws-cloudwatch': 1.116.0
      '@aws-cdk/aws-iam': 1.116.0
      '@aws-cdk/aws-kms': 1.116.0
      '@aws-cdk/aws-logs': 1.116.0
      '@aws-cdk/aws-s3': 1.116.0
      '@aws-cdk/aws-s3-assets': 1.116.0
      '@aws-cdk/aws-ssm': 1.116.0
      '@aws-cdk/cloud-assembly-schema': 1.116.0
      '@aws-cdk/core': 1.116.0
      '@aws-cdk/cx-api': 1.116.0
      '@aws-cdk/region-info': 1.116.0
      constructs: 3.3.120
    dev: false

  /@aws-cdk/aws-ecr-assets/1.116.0:
    resolution: {integrity: sha512-UZOvsdw7R/mJM6lRP7FbuIspo9Ejujty7NRkr3A60NvWtMR4/+hvKrOag6JFIzfQmAWkrCHkJcF9fyhD8LhvHQ==}
    engines: {node: '>= 10.13.0 <13 || >=13.7.0'}
    dependencies:
      '@aws-cdk/assets': 1.116.0
      '@aws-cdk/aws-ecr': 1.116.0
      '@aws-cdk/aws-iam': 1.116.0
      '@aws-cdk/aws-s3': 1.116.0
      '@aws-cdk/core': 1.116.0
      '@aws-cdk/cx-api': 1.116.0
      constructs: 3.3.120
    dev: false
    bundledDependencies:
      - minimatch

  /@aws-cdk/aws-ecr/1.116.0:
    resolution: {integrity: sha512-Qm7424pwn1W1yn3kg1CwRyoy/ObV1SMbyZjVxCtRM05f8u5mlvaVoTo1VbAZKhNq4OTKxMSTbTk+sbuxG0Uf4A==}
    engines: {node: '>= 10.13.0 <13 || >=13.7.0'}
    dependencies:
      '@aws-cdk/aws-events': 1.116.0
      '@aws-cdk/aws-iam': 1.116.0
      '@aws-cdk/core': 1.116.0
      constructs: 3.3.120
    dev: false

  /@aws-cdk/aws-efs/1.116.0:
    resolution: {integrity: sha512-/pyJ41TEag3w39Z/TFFwmPDX0bgJtfbc7ZLQ1T9Hyqb7G/upB8tEf2qi9lXsQXsC9sDujR40R87gxvhbf3zZ9A==}
    engines: {node: '>= 10.13.0 <13 || >=13.7.0'}
    dependencies:
      '@aws-cdk/aws-ec2': 1.116.0
      '@aws-cdk/aws-iam': 1.116.0
      '@aws-cdk/aws-kms': 1.116.0
      '@aws-cdk/cloud-assembly-schema': 1.116.0
      '@aws-cdk/core': 1.116.0
      '@aws-cdk/cx-api': 1.116.0
      constructs: 3.3.120
    dev: false

  /@aws-cdk/aws-events/1.116.0:
    resolution: {integrity: sha512-cgl7AcS6DPz1uS2Sl304PxDYbHngsGo90/2EOm8ufFgmlJ8LfP8e11jObA8rocRnaoDeDC79u+kqV4q8cGWIGQ==}
    engines: {node: '>= 10.13.0 <13 || >=13.7.0'}
    dependencies:
      '@aws-cdk/aws-iam': 1.116.0
      '@aws-cdk/core': 1.116.0
      constructs: 3.3.120
    dev: false

  /@aws-cdk/aws-iam/1.116.0:
    resolution: {integrity: sha512-apdlebEW0nejn707K3M++QrtHIRB/4CSu1RVSuvwE8OWIoB9JV/e0AdZK5y+ZIsE0xHbWSlR5e4OmQsgUukGfQ==}
    engines: {node: '>= 10.13.0 <13 || >=13.7.0'}
    dependencies:
      '@aws-cdk/core': 1.116.0
      '@aws-cdk/region-info': 1.116.0
      constructs: 3.3.120
    dev: false

  /@aws-cdk/aws-kms/1.116.0:
    resolution: {integrity: sha512-pfpzsW7aK8DRyihfbmxwTGgRBEnYgzZv26aPcJGykahoDPbkou0EoGWlfp2PPAm7qVmxwyVWKSE+vwEqkptVWw==}
    engines: {node: '>= 10.13.0 <13 || >=13.7.0'}
    dependencies:
      '@aws-cdk/aws-iam': 1.116.0
      '@aws-cdk/core': 1.116.0
      '@aws-cdk/cx-api': 1.116.0
      constructs: 3.3.120
    dev: false

  /@aws-cdk/aws-lambda-nodejs/1.116.0:
    resolution: {integrity: sha512-tjePVkHQ30aJjP4rxR+/09mHe0ti/n+aMcTEZ36fRHeE/J72KD/iRkt3/WKDbsdoFzU9XkoTuso4/VNaFe5ofg==}
    engines: {node: '>= 10.13.0 <13 || >=13.7.0'}
    dependencies:
      '@aws-cdk/aws-lambda': 1.116.0
      '@aws-cdk/core': 1.116.0
      constructs: 3.3.120
    dev: false

  /@aws-cdk/aws-lambda/1.116.0:
    resolution: {integrity: sha512-G1YaeIxKgKPIGvGve+W7Eh/kkRsYTmc4kH37mpSGVzychKamXgXR9aOtPTUl2SeJ7inxHedQLPIJNpHSJ02Qyw==}
    engines: {node: '>= 10.13.0 <13 || >=13.7.0'}
    dependencies:
      '@aws-cdk/aws-applicationautoscaling': 1.116.0
      '@aws-cdk/aws-cloudwatch': 1.116.0
      '@aws-cdk/aws-codeguruprofiler': 1.116.0
      '@aws-cdk/aws-ec2': 1.116.0
      '@aws-cdk/aws-ecr': 1.116.0
      '@aws-cdk/aws-ecr-assets': 1.116.0
      '@aws-cdk/aws-efs': 1.116.0
      '@aws-cdk/aws-events': 1.116.0
      '@aws-cdk/aws-iam': 1.116.0
      '@aws-cdk/aws-kms': 1.116.0
      '@aws-cdk/aws-logs': 1.116.0
      '@aws-cdk/aws-s3': 1.116.0
      '@aws-cdk/aws-s3-assets': 1.116.0
      '@aws-cdk/aws-signer': 1.116.0
      '@aws-cdk/aws-sqs': 1.116.0
      '@aws-cdk/core': 1.116.0
      '@aws-cdk/cx-api': 1.116.0
      constructs: 3.3.120
    dev: false

  /@aws-cdk/aws-logs/1.116.0:
    resolution: {integrity: sha512-mxTwdz+j1JigjC5e4bE0S54lzsFUxArMjYcmYjEdoejSBt2wJ+kgPIfbTcPKWUdHNcLvQHHFGk0frZc6HhZeIA==}
    engines: {node: '>= 10.13.0 <13 || >=13.7.0'}
    dependencies:
      '@aws-cdk/aws-cloudwatch': 1.116.0
      '@aws-cdk/aws-iam': 1.116.0
      '@aws-cdk/aws-kms': 1.116.0
      '@aws-cdk/aws-s3-assets': 1.116.0
      '@aws-cdk/core': 1.116.0
      constructs: 3.3.120
    dev: false

  /@aws-cdk/aws-s3-assets/1.116.0:
    resolution: {integrity: sha512-PsNvd/0hHvY6+2fM7FJV75Q2x+vGu9P4EGoVcxOVx1QIpqeHabWMZOo8el6YsuneBKedizY8o+bCXfztjHNZ6A==}
    engines: {node: '>= 10.13.0 <13 || >=13.7.0'}
    dependencies:
      '@aws-cdk/assets': 1.116.0
      '@aws-cdk/aws-iam': 1.116.0
      '@aws-cdk/aws-kms': 1.116.0
      '@aws-cdk/aws-s3': 1.116.0
      '@aws-cdk/core': 1.116.0
      '@aws-cdk/cx-api': 1.116.0
      constructs: 3.3.120
    dev: false

  /@aws-cdk/aws-s3/1.116.0:
    resolution: {integrity: sha512-u1wHjvRoqIxKE1NfZ+Ge640krSapZh7qYjWrShRoVYWwwVxeIzvRiOkReF25KKfD4G4zRJ9QlqzGsld2Fn7mZQ==}
    engines: {node: '>= 10.13.0 <13 || >=13.7.0'}
    dependencies:
      '@aws-cdk/aws-events': 1.116.0
      '@aws-cdk/aws-iam': 1.116.0
      '@aws-cdk/aws-kms': 1.116.0
      '@aws-cdk/core': 1.116.0
      '@aws-cdk/cx-api': 1.116.0
      constructs: 3.3.120
    dev: false

  /@aws-cdk/aws-signer/1.116.0:
    resolution: {integrity: sha512-u4sRuuxIirqlYQ1B/q5D013aplVZzjUVJ9ZnwzU8O/3mioHTpzyBbOmz+Smapsr3/1ulJjoiTmOrIfxMl96nUQ==}
    engines: {node: '>= 10.13.0 <13 || >=13.7.0'}
    dependencies:
      '@aws-cdk/core': 1.116.0
      constructs: 3.3.120
    dev: false

  /@aws-cdk/aws-sqs/1.116.0:
    resolution: {integrity: sha512-8WzGPgEBb05FrzGtdtjmWjsdcjcrjnGLqUAwch8DL7gs3aXrQdd98hZA/H732ol1ssqoHn9D89AQeEaUYl+ZEg==}
    engines: {node: '>= 10.13.0 <13 || >=13.7.0'}
    dependencies:
      '@aws-cdk/aws-cloudwatch': 1.116.0
      '@aws-cdk/aws-iam': 1.116.0
      '@aws-cdk/aws-kms': 1.116.0
      '@aws-cdk/core': 1.116.0
      constructs: 3.3.120
    dev: false

  /@aws-cdk/aws-ssm/1.116.0:
    resolution: {integrity: sha512-qx0GcFwZoR/+6SqtSmJccvXO8V5j7djWFfJTDTG5Q9rX5bkLReF8N6hX5G+dZqkr2HMvbG5TSwfGBQsUlYH1Bg==}
    engines: {node: '>= 10.13.0 <13 || >=13.7.0'}
    dependencies:
      '@aws-cdk/aws-iam': 1.116.0
      '@aws-cdk/aws-kms': 1.116.0
      '@aws-cdk/cloud-assembly-schema': 1.116.0
      '@aws-cdk/core': 1.116.0
      constructs: 3.3.120
    dev: false

  /@aws-cdk/cloud-assembly-schema/1.116.0:
    resolution: {integrity: sha512-mQKPHPf5S3cZGyGgUOiZjSWwHrFdHBXmZpE2Udr9XeCsBWbMhQaK3wpfliVxu9qucLXswecWWz2hfF+DtU5JAg==}
    engines: {node: '>= 10.13.0 <13 || >=13.7.0'}
    dev: false
    bundledDependencies:
      - jsonschema
      - semver

  /@aws-cdk/core/1.116.0:
    resolution: {integrity: sha512-uHj5xJLEqGbOX15ZZL9ib8/PVb31b4oySDlyG3/3Q8ffwN5dGSnt9Fg6UgWIC3xVhRMoCbKqKjKlMVAwmtB6Ow==}
    engines: {node: '>= 10.13.0 <13 || >=13.7.0'}
    dependencies:
      '@aws-cdk/cloud-assembly-schema': 1.116.0
      '@aws-cdk/cx-api': 1.116.0
      '@aws-cdk/region-info': 1.116.0
      constructs: 3.3.120
    dev: false
    bundledDependencies:
      - fs-extra
      - minimatch
      - '@balena/dockerignore'
      - ignore

  /@aws-cdk/cx-api/1.116.0:
    resolution: {integrity: sha512-nuYaZsqqSOShZCjgdajUoYJpsB9Cur0XKGrl4HpyHN42285Ht+0/J6jaWTxbpP/D3r5Aoc7QipcMJddEbwrIvw==}
    engines: {node: '>= 10.13.0 <13 || >=13.7.0'}
    dependencies:
      '@aws-cdk/cloud-assembly-schema': 1.116.0
    dev: false
    bundledDependencies:
      - semver

  /@aws-cdk/region-info/1.116.0:
    resolution: {integrity: sha512-xBxCBXmvNqxWHlZ+kfJb9V2Etqg4F9JfbZUYZRGB9zRTeW5cm9AG6zgXxHVzR3aWreR1pfLDkC/ipiQynvelLQ==}
    engines: {node: '>= 10.13.0 <13 || >=13.7.0'}
    dev: false

  /argparse/2.0.1:
    resolution: {integrity: sha512-8+9WqebbFzpX9OR+Wa6O29asIogeRMzcGtAINdpMHHyAg10f05aSFVBbcEqGf/PXw1EjAZ+q2/bEBg3DvurK3Q==}
    dev: false

  /aws-cloudformation-custom-resource/3.0.0:
    resolution: {integrity: sha512-AxSCIAzEFshYfKt1ngOAoaTSsX5KPz6PY8UBnsWjO6sYCN6DiU2j8zFPDz4FbWW353h9nZLqfTh/KAaOSiIsBg==}
    dev: false

  /constructs/3.3.120:
    resolution: {integrity: sha512-BNMjRXLZ98jrxhKJFOUN7NSgZS1BhFeIplPwXQrQ3nyTyF3ndtAk9YQLldrHKtnRbLXGE8IM+/85kwlnmfxJzA==}
    engines: {node: '>= 10.17.0'}
    dev: false

  /esbuild/0.12.14:
    resolution: {integrity: sha512-z8p+6FGiplR7a3pPonXREbm+8IeXjBGvDpVidZmGB/AJMsJSfGCU+n7KOMCazA9AwvagadRWBhiKorC0w9WJvw==}
    hasBin: true
    requiresBuild: true
    dev: true

  /js-yaml/4.1.0:
    resolution: {integrity: sha512-wpxZs9NoxZaJESJGIZTyDEaYpl0FKSA+FB9aJiyemKhMwkxQg63h4T1KJgUGHpTqPDNRcmmYLugrRjJlBtWvRA==}
    hasBin: true
    dependencies:
      argparse: 2.0.1
    dev: false
